// !$*UTF8*$!
{
	archiveVersion = 1;
	classes = {
	};
	objectVersion = 55;
	objects = {

/* Begin PBXBuildFile section */
		36367146283C1B6500A5CBE6 /* AVKit.framework in Frameworks */ = {isa = PBXBuildFile; fileRef = 36367144283C19E500A5CBE6 /* AVKit.framework */; };
		3684BB59283C696E005045AE /* Sparkle in Frameworks */ = {isa = PBXBuildFile; productRef = 3684BB58283C696E005045AE /* Sparkle */; };
		3684BB5B283C69C5005045AE /* Sparkle.swift in Sources */ = {isa = PBXBuildFile; fileRef = 3684BB5A283C69C5005045AE /* Sparkle.swift */; };
		DA2384A127CB9714009E15E0 /* Font+.swift in Sources */ = {isa = PBXBuildFile; fileRef = DA2384A027CB9714009E15E0 /* Font+.swift */; };
		DA2384BA27CBC2CE009E15E0 /* GintoBold.otf in Resources */ = {isa = PBXBuildFile; fileRef = DA2384B827CBC2CE009E15E0 /* GintoBold.otf */; };
		DA2384BB27CBC2CE009E15E0 /* GintoMedium.otf in Resources */ = {isa = PBXBuildFile; fileRef = DA2384B927CBC2CE009E15E0 /* GintoMedium.otf */; };
		DA2384BF27CCBB26009E15E0 /* EmbedView.swift in Sources */ = {isa = PBXBuildFile; fileRef = DA2384BE27CCBB26009E15E0 /* EmbedView.swift */; };
		DA2384C227CCFAEC009E15E0 /* CachedAsyncImage in Frameworks */ = {isa = PBXBuildFile; productRef = DA2384C127CCFAEC009E15E0 /* CachedAsyncImage */; };
		DA2384C627CD1921009E15E0 /* LoadingView.swift in Sources */ = {isa = PBXBuildFile; fileRef = DA2384C527CD1921009E15E0 /* LoadingView.swift */; };
		DA2802792808337B00B14E5C /* AppDelegate.swift in Sources */ = {isa = PBXBuildFile; fileRef = DA2802782808337B00B14E5C /* AppDelegate.swift */; };
		DA28027F28095E3100B14E5C /* Logger+.swift in Sources */ = {isa = PBXBuildFile; fileRef = DA28027E28095E3000B14E5C /* Logger+.swift */; };
		DA2ADF312847B13F004A35F2 /* Localizable.strings in Resources */ = {isa = PBXBuildFile; fileRef = DA2ADF2F2847B13F004A35F2 /* Localizable.strings */; };
		DA32EF2427C6249000A9ED72 /* MessagesView.swift in Sources */ = {isa = PBXBuildFile; fileRef = DA32EF2327C6249000A9ED72 /* MessagesView.swift */; };
		DA32EF2627C62E6900A9ED72 /* MessageView.swift in Sources */ = {isa = PBXBuildFile; fileRef = DA32EF2527C62E6900A9ED72 /* MessageView.swift */; };
		DA32EF2827C633FE00A9ED72 /* UserAvatarView.swift in Sources */ = {isa = PBXBuildFile; fileRef = DA32EF2727C633FE00A9ED72 /* UserAvatarView.swift */; };
		DA32EF2A27C65D2C00A9ED72 /* LottieView.swift in Sources */ = {isa = PBXBuildFile; fileRef = DA32EF2927C65D2C00A9ED72 /* LottieView.swift */; };
		DA32EF2D27C65E2700A9ED72 /* Lottie in Frameworks */ = {isa = PBXBuildFile; productRef = DA32EF2C27C65E2700A9ED72 /* Lottie */; };
		DA32EF3027C676B300A9ED72 /* WrapperLottieView.swift in Sources */ = {isa = PBXBuildFile; fileRef = DA32EF2F27C676B300A9ED72 /* WrapperLottieView.swift */; };
		DA32EF3227C676FE00A9ED72 /* LottieLoopMode.swift in Sources */ = {isa = PBXBuildFile; fileRef = DA32EF3127C676FE00A9ED72 /* LottieLoopMode.swift */; };
		DA32EF3427C6861800A9ED72 /* StickerView.swift in Sources */ = {isa = PBXBuildFile; fileRef = DA32EF3327C6861800A9ED72 /* StickerView.swift */; };
		DA32EF3927C77E3300A9ED72 /* AttachmentView.swift in Sources */ = {isa = PBXBuildFile; fileRef = DA32EF3827C77E3300A9ED72 /* AttachmentView.swift */; };
		DA32EF3F27C7C1D000A9ED72 /* MessageInputView.swift in Sources */ = {isa = PBXBuildFile; fileRef = DA32EF3E27C7C1D000A9ED72 /* MessageInputView.swift */; };
		DA32EF4627C8AB6200A9ED72 /* ISOTimestamp+.swift in Sources */ = {isa = PBXBuildFile; fileRef = DA32EF4527C8AB6200A9ED72 /* ISOTimestamp+.swift */; };
		DA32EF4827C8ABFF00A9ED72 /* Date+.swift in Sources */ = {isa = PBXBuildFile; fileRef = DA32EF4727C8ABFF00A9ED72 /* Date+.swift */; };
		DA32EF4A27C8BE8F00A9ED72 /* Color+.swift in Sources */ = {isa = PBXBuildFile; fileRef = DA32EF4927C8BE8F00A9ED72 /* Color+.swift */; };
		DA32EF4C27C8BF5000A9ED72 /* TagCloudView.swift in Sources */ = {isa = PBXBuildFile; fileRef = DA32EF4B27C8BF5000A9ED72 /* TagCloudView.swift */; };
		DA32EF5027C8D7E000A9ED72 /* Message+.swift in Sources */ = {isa = PBXBuildFile; fileRef = DA32EF4F27C8D7E000A9ED72 /* Message+.swift */; };
		DA32EF5227C8FBB200A9ED72 /* User+.swift in Sources */ = {isa = PBXBuildFile; fileRef = DA32EF5127C8FBB200A9ED72 /* User+.swift */; };
		DA32EF5927CB5F4F00A9ED72 /* UIStateEnv.swift in Sources */ = {isa = PBXBuildFile; fileRef = DA32EF5827CB5F4F00A9ED72 /* UIStateEnv.swift */; };
		DA32EF6627CB772300A9ED72 /* CacheModel.xcdatamodeld in Sources */ = {isa = PBXBuildFile; fileRef = DA32EF6427CB772300A9ED72 /* CacheModel.xcdatamodeld */; };
		DA4A888827C0AF3000720909 /* SwiftcordApp.swift in Sources */ = {isa = PBXBuildFile; fileRef = DA4A888727C0AF3000720909 /* SwiftcordApp.swift */; };
		DA4A888A27C0AF3000720909 /* ContentView.swift in Sources */ = {isa = PBXBuildFile; fileRef = DA4A888927C0AF3000720909 /* ContentView.swift */; };
		DA4A888C27C0AF3200720909 /* Assets.xcassets in Resources */ = {isa = PBXBuildFile; fileRef = DA4A888B27C0AF3200720909 /* Assets.xcassets */; };
		DA4A888F27C0AF3200720909 /* Preview Assets.xcassets in Resources */ = {isa = PBXBuildFile; fileRef = DA4A888E27C0AF3200720909 /* Preview Assets.xcassets */; };
		DA4A889127C0AF3200720909 /* Persistence.swift in Sources */ = {isa = PBXBuildFile; fileRef = DA4A889027C0AF3200720909 /* Persistence.swift */; };
		DA4A889C27C0B23C00720909 /* WebView.swift in Sources */ = {isa = PBXBuildFile; fileRef = DA4A889B27C0B23C00720909 /* WebView.swift */; };
		DA4A88E527C3482A00720909 /* LoginView.swift in Sources */ = {isa = PBXBuildFile; fileRef = DA4A88E427C3482A00720909 /* LoginView.swift */; };
		DA4A891427C49B1100720909 /* ServerButton.swift in Sources */ = {isa = PBXBuildFile; fileRef = DA4A891327C49B1000720909 /* ServerButton.swift */; };
		DA4A892427C5D6C500720909 /* ServerView.swift in Sources */ = {isa = PBXBuildFile; fileRef = DA4A892327C5D6C500720909 /* ServerView.swift */; };
		DA520AC327D37873009FD740 /* MergePartialMessage.swift in Sources */ = {isa = PBXBuildFile; fileRef = DA520AC227D37873009FD740 /* MergePartialMessage.swift */; };
		DA520AC727D39A00009FD740 /* CurrentUserFooter.swift in Sources */ = {isa = PBXBuildFile; fileRef = DA520AC627D39A00009FD740 /* CurrentUserFooter.swift */; };
		DA520AC927D3A55D009FD740 /* SettingsView.swift in Sources */ = {isa = PBXBuildFile; fileRef = DA520AC827D3A55D009FD740 /* SettingsView.swift */; };
		DA520ACB27D4A23A009FD740 /* String+.swift in Sources */ = {isa = PBXBuildFile; fileRef = DA520ACA27D4A23A009FD740 /* String+.swift */; };
		DA520ACF27D4CE5E009FD740 /* UserSettingsView.swift in Sources */ = {isa = PBXBuildFile; fileRef = DA520ACE27D4CE5E009FD740 /* UserSettingsView.swift */; };
		DA520AD127D4CFCF009FD740 /* BillingSettingsView.swift in Sources */ = {isa = PBXBuildFile; fileRef = DA520AD027D4CFCF009FD740 /* BillingSettingsView.swift */; };
		DA520AD327D4D073009FD740 /* AppSettingsView.swift in Sources */ = {isa = PBXBuildFile; fileRef = DA520AD227D4D073009FD740 /* AppSettingsView.swift */; };
		DA520AD527D4D120009FD740 /* ActivitySettingsView.swift in Sources */ = {isa = PBXBuildFile; fileRef = DA520AD427D4D120009FD740 /* ActivitySettingsView.swift */; };
		DA520AD727D4D17A009FD740 /* MiscSettingsView.swift in Sources */ = {isa = PBXBuildFile; fileRef = DA520AD627D4D17A009FD740 /* MiscSettingsView.swift */; };
		DA520AD927D4E7A4009FD740 /* LargeUserProfileView.swift in Sources */ = {isa = PBXBuildFile; fileRef = DA520AD827D4E7A3009FD740 /* LargeUserProfileView.swift */; };
		DA520ADD27D643CE009FD740 /* Int+.swift in Sources */ = {isa = PBXBuildFile; fileRef = DA520ADC27D643CE009FD740 /* Int+.swift */; };
		DA520AE227D76BEB009FD740 /* Bool+.swift in Sources */ = {isa = PBXBuildFile; fileRef = DA520AE127D76BEB009FD740 /* Bool+.swift */; };
		DA54D5712841D6CF00B11857 /* MiniUserProfileView.swift in Sources */ = {isa = PBXBuildFile; fileRef = DA54D5702841D6CF00B11857 /* MiniUserProfileView.swift */; };
		DA54D574284497E400B11857 /* ProfileAccentMask.swift in Sources */ = {isa = PBXBuildFile; fileRef = DA54D573284497E400B11857 /* ProfileAccentMask.swift */; };
		DA54D5762844B9C500B11857 /* CurrentUser+.swift in Sources */ = {isa = PBXBuildFile; fileRef = DA54D5752844B9C500B11857 /* CurrentUser+.swift */; };
		DA54D5782844DA1400B11857 /* UserSettingsProfileView.swift in Sources */ = {isa = PBXBuildFile; fileRef = DA54D5772844DA1400B11857 /* UserSettingsProfileView.swift */; };
		DA54D57A2844E41A00B11857 /* ProfileBadges.swift in Sources */ = {isa = PBXBuildFile; fileRef = DA54D5792844E41A00B11857 /* ProfileBadges.swift */; };
		DA54D57C2845C36E00B11857 /* MessagesView+.swift in Sources */ = {isa = PBXBuildFile; fileRef = DA54D57B2845C36E00B11857 /* MessagesView+.swift */; };
		DA54D57F28460F3A00B11857 /* ReferenceMessageView.swift in Sources */ = {isa = PBXBuildFile; fileRef = DA54D57E28460F3A00B11857 /* ReferenceMessageView.swift */; };
		DA54D5812846495A00B11857 /* ReversingOpacity.swift in Sources */ = {isa = PBXBuildFile; fileRef = DA54D5802846495A00B11857 /* ReversingOpacity.swift */; };
		DA57F44428056718001DC46E /* ChannelList.swift in Sources */ = {isa = PBXBuildFile; fileRef = DA57F44328056718001DC46E /* ChannelList.swift */; };
		DA57F44628065209001DC46E /* ChannelButton.swift in Sources */ = {isa = PBXBuildFile; fileRef = DA57F44528065209001DC46E /* ChannelButton.swift */; };
		DA585C9927E1F6AC00FA4EE0 /* View+.swift in Sources */ = {isa = PBXBuildFile; fileRef = DA585C9827E1F6AC00FA4EE0 /* View+.swift */; };
		DA67491B2833D5A9001F51CC /* AboutSwiftcordView.swift in Sources */ = {isa = PBXBuildFile; fileRef = DA67491A2833D5A9001F51CC /* AboutSwiftcordView.swift */; };
		DA7720D0283F184100D3C335 /* NavigationCommands.swift in Sources */ = {isa = PBXBuildFile; fileRef = DA7720CF283F184100D3C335 /* NavigationCommands.swift */; };
		DA974EA22835ED1200013CC2 /* DiscordKit in Frameworks */ = {isa = PBXBuildFile; productRef = DA974EA12835ED1200013CC2 /* DiscordKit */; };
		DA974EA42835ED1200013CC2 /* DiscordKitCommon in Frameworks */ = {isa = PBXBuildFile; productRef = DA974EA32835ED1200013CC2 /* DiscordKitCommon */; };
		DAAFB5BC282A570D00807B54 /* CircularProgressView.swift in Sources */ = {isa = PBXBuildFile; fileRef = DAAFB5BB282A570D00807B54 /* CircularProgressView.swift */; };
		DAAFB5C1282A64CD00807B54 /* LoFiMessageView.swift in Sources */ = {isa = PBXBuildFile; fileRef = DAAFB5C0282A64CD00807B54 /* LoFiMessageView.swift */; };
		DAAFB5C3282AA5C700807B54 /* MessageInfoBarView.swift in Sources */ = {isa = PBXBuildFile; fileRef = DAAFB5C2282AA5C700807B54 /* MessageInfoBarView.swift */; };
		DAAFB5C5282AB37500807B54 /* MediaControllerView.swift in Sources */ = {isa = PBXBuildFile; fileRef = DAAFB5C4282AB37500807B54 /* MediaControllerView.swift */; };
		DAAFB5C7282AB56B00807B54 /* AudioCenterManager.swift in Sources */ = {isa = PBXBuildFile; fileRef = DAAFB5C6282AB56B00807B54 /* AudioCenterManager.swift */; };
		DAAFB5C9282B689000807B54 /* discord-loading-animation.json in Resources */ = {isa = PBXBuildFile; fileRef = DAAFB5C8282B689000807B54 /* discord-loading-animation.json */; };
		DAAFB5CC282B879200807B54 /* Double+.swift in Sources */ = {isa = PBXBuildFile; fileRef = DAAFB5CB282B879200807B54 /* Double+.swift */; };
		DAE557FB282D00B6001F4EF1 /* typing-animation.json in Resources */ = {isa = PBXBuildFile; fileRef = DAE557FA282D00B6001F4EF1 /* typing-animation.json */; };
		E7AF1C27282FA3ED001F78DF /* Array.Channel+.swift in Sources */ = {isa = PBXBuildFile; fileRef = E7AF1C26282FA3ED001F78DF /* Array.Channel+.swift */; };
		E7AF1C29282FA3F7001F78DF /* Channel+.swift in Sources */ = {isa = PBXBuildFile; fileRef = E7AF1C28282FA3F7001F78DF /* Channel+.swift */; };
		E7AF1C2B282FA400001F78DF /* Guild+.swift in Sources */ = {isa = PBXBuildFile; fileRef = E7AF1C2A282FA400001F78DF /* Guild+.swift */; };
		E7AF1C33282FB02A001F78DF /* UserSettingsAccountView.swift in Sources */ = {isa = PBXBuildFile; fileRef = E7AF1C32282FB02A001F78DF /* UserSettingsAccountView.swift */; };
		E7AF1C36282FC2E8001F78DF /* NSTextView+.swift in Sources */ = {isa = PBXBuildFile; fileRef = E7AF1C35282FC2E8001F78DF /* NSTextView+.swift */; };
/* End PBXBuildFile section */

/* Begin PBXFileReference section */
		36004E1C283D63E500F0BA73 /* .swiftlint.yml */ = {isa = PBXFileReference; lastKnownFileType = text.yaml; path = .swiftlint.yml; sourceTree = "<group>"; };
		36367144283C19E500A5CBE6 /* AVKit.framework */ = {isa = PBXFileReference; lastKnownFileType = wrapper.framework; name = AVKit.framework; path = System/Library/Frameworks/AVKit.framework; sourceTree = SDKROOT; };
		3684BB5A283C69C5005045AE /* Sparkle.swift */ = {isa = PBXFileReference; lastKnownFileType = sourcecode.swift; path = Sparkle.swift; sourceTree = "<group>"; };
		DA23843827CB934D009E15E0 /* Info.plist */ = {isa = PBXFileReference; lastKnownFileType = text.plist; path = Info.plist; sourceTree = "<group>"; };
		DA2384A027CB9714009E15E0 /* Font+.swift */ = {isa = PBXFileReference; lastKnownFileType = sourcecode.swift; path = "Font+.swift"; sourceTree = "<group>"; };
		DA2384B827CBC2CE009E15E0 /* GintoBold.otf */ = {isa = PBXFileReference; lastKnownFileType = file; path = GintoBold.otf; sourceTree = "<group>"; };
		DA2384B927CBC2CE009E15E0 /* GintoMedium.otf */ = {isa = PBXFileReference; lastKnownFileType = file; path = GintoMedium.otf; sourceTree = "<group>"; };
		DA2384BE27CCBB26009E15E0 /* EmbedView.swift */ = {isa = PBXFileReference; lastKnownFileType = sourcecode.swift; path = EmbedView.swift; sourceTree = "<group>"; };
		DA2384C527CD1921009E15E0 /* LoadingView.swift */ = {isa = PBXFileReference; lastKnownFileType = sourcecode.swift; path = LoadingView.swift; sourceTree = "<group>"; };
		DA2802782808337B00B14E5C /* AppDelegate.swift */ = {isa = PBXFileReference; lastKnownFileType = sourcecode.swift; path = AppDelegate.swift; sourceTree = "<group>"; };
		DA28027E28095E3000B14E5C /* Logger+.swift */ = {isa = PBXFileReference; lastKnownFileType = sourcecode.swift; path = "Logger+.swift"; sourceTree = "<group>"; };
		DA2ADF302847B13F004A35F2 /* zh-Hans */ = {isa = PBXFileReference; lastKnownFileType = text.plist.strings; name = "zh-Hans"; path = "zh-Hans.lproj/Localizable.strings"; sourceTree = "<group>"; };
		DA32EF2327C6249000A9ED72 /* MessagesView.swift */ = {isa = PBXFileReference; lastKnownFileType = sourcecode.swift; path = MessagesView.swift; sourceTree = "<group>"; };
		DA32EF2527C62E6900A9ED72 /* MessageView.swift */ = {isa = PBXFileReference; lastKnownFileType = sourcecode.swift; path = MessageView.swift; sourceTree = "<group>"; };
		DA32EF2727C633FE00A9ED72 /* UserAvatarView.swift */ = {isa = PBXFileReference; lastKnownFileType = sourcecode.swift; path = UserAvatarView.swift; sourceTree = "<group>"; };
		DA32EF2927C65D2C00A9ED72 /* LottieView.swift */ = {isa = PBXFileReference; lastKnownFileType = sourcecode.swift; path = LottieView.swift; sourceTree = "<group>"; };
		DA32EF2F27C676B300A9ED72 /* WrapperLottieView.swift */ = {isa = PBXFileReference; lastKnownFileType = sourcecode.swift; path = WrapperLottieView.swift; sourceTree = "<group>"; };
		DA32EF3127C676FE00A9ED72 /* LottieLoopMode.swift */ = {isa = PBXFileReference; lastKnownFileType = sourcecode.swift; path = LottieLoopMode.swift; sourceTree = "<group>"; };
		DA32EF3327C6861800A9ED72 /* StickerView.swift */ = {isa = PBXFileReference; lastKnownFileType = sourcecode.swift; path = StickerView.swift; sourceTree = "<group>"; };
		DA32EF3827C77E3300A9ED72 /* AttachmentView.swift */ = {isa = PBXFileReference; lastKnownFileType = sourcecode.swift; path = AttachmentView.swift; sourceTree = "<group>"; };
		DA32EF3E27C7C1D000A9ED72 /* MessageInputView.swift */ = {isa = PBXFileReference; lastKnownFileType = sourcecode.swift; path = MessageInputView.swift; sourceTree = "<group>"; };
		DA32EF4527C8AB6200A9ED72 /* ISOTimestamp+.swift */ = {isa = PBXFileReference; lastKnownFileType = sourcecode.swift; path = "ISOTimestamp+.swift"; sourceTree = "<group>"; };
		DA32EF4727C8ABFF00A9ED72 /* Date+.swift */ = {isa = PBXFileReference; lastKnownFileType = sourcecode.swift; path = "Date+.swift"; sourceTree = "<group>"; };
		DA32EF4927C8BE8F00A9ED72 /* Color+.swift */ = {isa = PBXFileReference; lastKnownFileType = sourcecode.swift; path = "Color+.swift"; sourceTree = "<group>"; };
		DA32EF4B27C8BF5000A9ED72 /* TagCloudView.swift */ = {isa = PBXFileReference; lastKnownFileType = sourcecode.swift; path = TagCloudView.swift; sourceTree = "<group>"; };
		DA32EF4F27C8D7E000A9ED72 /* Message+.swift */ = {isa = PBXFileReference; lastKnownFileType = sourcecode.swift; path = "Message+.swift"; sourceTree = "<group>"; };
		DA32EF5127C8FBB200A9ED72 /* User+.swift */ = {isa = PBXFileReference; lastKnownFileType = sourcecode.swift; path = "User+.swift"; sourceTree = "<group>"; };
		DA32EF5827CB5F4F00A9ED72 /* UIStateEnv.swift */ = {isa = PBXFileReference; lastKnownFileType = sourcecode.swift; path = UIStateEnv.swift; sourceTree = "<group>"; };
		DA32EF6527CB772300A9ED72 /* MessageModel.xcdatamodel */ = {isa = PBXFileReference; lastKnownFileType = wrapper.xcdatamodel; path = MessageModel.xcdatamodel; sourceTree = "<group>"; };
		DA4A888427C0AF3000720909 /* Swiftcord.app */ = {isa = PBXFileReference; explicitFileType = wrapper.application; includeInIndex = 0; path = Swiftcord.app; sourceTree = BUILT_PRODUCTS_DIR; };
		DA4A888727C0AF3000720909 /* SwiftcordApp.swift */ = {isa = PBXFileReference; lastKnownFileType = sourcecode.swift; path = SwiftcordApp.swift; sourceTree = "<group>"; };
		DA4A888927C0AF3000720909 /* ContentView.swift */ = {isa = PBXFileReference; lastKnownFileType = sourcecode.swift; path = ContentView.swift; sourceTree = "<group>"; };
		DA4A888B27C0AF3200720909 /* Assets.xcassets */ = {isa = PBXFileReference; lastKnownFileType = folder.assetcatalog; path = Assets.xcassets; sourceTree = "<group>"; };
		DA4A888E27C0AF3200720909 /* Preview Assets.xcassets */ = {isa = PBXFileReference; lastKnownFileType = folder.assetcatalog; path = "Preview Assets.xcassets"; sourceTree = "<group>"; };
		DA4A889027C0AF3200720909 /* Persistence.swift */ = {isa = PBXFileReference; lastKnownFileType = sourcecode.swift; path = Persistence.swift; sourceTree = "<group>"; };
		DA4A889527C0AF3200720909 /* Swiftcord.entitlements */ = {isa = PBXFileReference; lastKnownFileType = text.plist.entitlements; path = Swiftcord.entitlements; sourceTree = "<group>"; };
		DA4A889B27C0B23C00720909 /* WebView.swift */ = {isa = PBXFileReference; lastKnownFileType = sourcecode.swift; path = WebView.swift; sourceTree = "<group>"; };
		DA4A88E427C3482A00720909 /* LoginView.swift */ = {isa = PBXFileReference; lastKnownFileType = sourcecode.swift; path = LoginView.swift; sourceTree = "<group>"; };
		DA4A891327C49B1000720909 /* ServerButton.swift */ = {isa = PBXFileReference; lastKnownFileType = sourcecode.swift; path = ServerButton.swift; sourceTree = "<group>"; };
		DA4A891727C4B0DF00720909 /* README.md */ = {isa = PBXFileReference; lastKnownFileType = net.daringfireball.markdown; path = README.md; sourceTree = "<group>"; };
		DA4A892327C5D6C500720909 /* ServerView.swift */ = {isa = PBXFileReference; lastKnownFileType = sourcecode.swift; path = ServerView.swift; sourceTree = "<group>"; wrapsLines = 0; };
		DA520AC227D37873009FD740 /* MergePartialMessage.swift */ = {isa = PBXFileReference; lastKnownFileType = sourcecode.swift; path = MergePartialMessage.swift; sourceTree = "<group>"; };
		DA520AC627D39A00009FD740 /* CurrentUserFooter.swift */ = {isa = PBXFileReference; lastKnownFileType = sourcecode.swift; path = CurrentUserFooter.swift; sourceTree = "<group>"; };
		DA520AC827D3A55D009FD740 /* SettingsView.swift */ = {isa = PBXFileReference; lastKnownFileType = sourcecode.swift; path = SettingsView.swift; sourceTree = "<group>"; };
		DA520ACA27D4A23A009FD740 /* String+.swift */ = {isa = PBXFileReference; lastKnownFileType = sourcecode.swift; path = "String+.swift"; sourceTree = "<group>"; };
		DA520ACE27D4CE5E009FD740 /* UserSettingsView.swift */ = {isa = PBXFileReference; lastKnownFileType = sourcecode.swift; path = UserSettingsView.swift; sourceTree = "<group>"; };
		DA520AD027D4CFCF009FD740 /* BillingSettingsView.swift */ = {isa = PBXFileReference; lastKnownFileType = sourcecode.swift; path = BillingSettingsView.swift; sourceTree = "<group>"; };
		DA520AD227D4D073009FD740 /* AppSettingsView.swift */ = {isa = PBXFileReference; lastKnownFileType = sourcecode.swift; path = AppSettingsView.swift; sourceTree = "<group>"; };
		DA520AD427D4D120009FD740 /* ActivitySettingsView.swift */ = {isa = PBXFileReference; lastKnownFileType = sourcecode.swift; path = ActivitySettingsView.swift; sourceTree = "<group>"; };
		DA520AD627D4D17A009FD740 /* MiscSettingsView.swift */ = {isa = PBXFileReference; lastKnownFileType = sourcecode.swift; path = MiscSettingsView.swift; sourceTree = "<group>"; };
		DA520AD827D4E7A3009FD740 /* LargeUserProfileView.swift */ = {isa = PBXFileReference; lastKnownFileType = sourcecode.swift; path = LargeUserProfileView.swift; sourceTree = "<group>"; };
		DA520ADC27D643CE009FD740 /* Int+.swift */ = {isa = PBXFileReference; lastKnownFileType = sourcecode.swift; path = "Int+.swift"; sourceTree = "<group>"; };
		DA520AE127D76BEB009FD740 /* Bool+.swift */ = {isa = PBXFileReference; lastKnownFileType = sourcecode.swift; path = "Bool+.swift"; sourceTree = "<group>"; };
		DA54D5702841D6CF00B11857 /* MiniUserProfileView.swift */ = {isa = PBXFileReference; lastKnownFileType = sourcecode.swift; path = MiniUserProfileView.swift; sourceTree = "<group>"; };
		DA54D573284497E400B11857 /* ProfileAccentMask.swift */ = {isa = PBXFileReference; lastKnownFileType = sourcecode.swift; path = ProfileAccentMask.swift; sourceTree = "<group>"; };
		DA54D5752844B9C500B11857 /* CurrentUser+.swift */ = {isa = PBXFileReference; lastKnownFileType = sourcecode.swift; path = "CurrentUser+.swift"; sourceTree = "<group>"; };
		DA54D5772844DA1400B11857 /* UserSettingsProfileView.swift */ = {isa = PBXFileReference; lastKnownFileType = sourcecode.swift; path = UserSettingsProfileView.swift; sourceTree = "<group>"; };
		DA54D5792844E41A00B11857 /* ProfileBadges.swift */ = {isa = PBXFileReference; lastKnownFileType = sourcecode.swift; path = ProfileBadges.swift; sourceTree = "<group>"; };
		DA54D57B2845C36E00B11857 /* MessagesView+.swift */ = {isa = PBXFileReference; lastKnownFileType = sourcecode.swift; path = "MessagesView+.swift"; sourceTree = "<group>"; };
		DA54D57E28460F3A00B11857 /* ReferenceMessageView.swift */ = {isa = PBXFileReference; lastKnownFileType = sourcecode.swift; path = ReferenceMessageView.swift; sourceTree = "<group>"; };
		DA54D5802846495A00B11857 /* ReversingOpacity.swift */ = {isa = PBXFileReference; lastKnownFileType = sourcecode.swift; path = ReversingOpacity.swift; sourceTree = "<group>"; };
		DA57F44328056718001DC46E /* ChannelList.swift */ = {isa = PBXFileReference; lastKnownFileType = sourcecode.swift; path = ChannelList.swift; sourceTree = "<group>"; };
		DA57F44528065209001DC46E /* ChannelButton.swift */ = {isa = PBXFileReference; lastKnownFileType = sourcecode.swift; path = ChannelButton.swift; sourceTree = "<group>"; };
		DA585C9827E1F6AC00FA4EE0 /* View+.swift */ = {isa = PBXFileReference; lastKnownFileType = sourcecode.swift; path = "View+.swift"; sourceTree = "<group>"; };
		DA67491A2833D5A9001F51CC /* AboutSwiftcordView.swift */ = {isa = PBXFileReference; lastKnownFileType = sourcecode.swift; path = AboutSwiftcordView.swift; sourceTree = "<group>"; };
		DA7720CF283F184100D3C335 /* NavigationCommands.swift */ = {isa = PBXFileReference; lastKnownFileType = sourcecode.swift; path = NavigationCommands.swift; sourceTree = "<group>"; };
		DAAFB5BB282A570D00807B54 /* CircularProgressView.swift */ = {isa = PBXFileReference; fileEncoding = 4; lastKnownFileType = sourcecode.swift; path = CircularProgressView.swift; sourceTree = "<group>"; };
		DAAFB5C0282A64CD00807B54 /* LoFiMessageView.swift */ = {isa = PBXFileReference; lastKnownFileType = sourcecode.swift; path = LoFiMessageView.swift; sourceTree = "<group>"; };
		DAAFB5C2282AA5C700807B54 /* MessageInfoBarView.swift */ = {isa = PBXFileReference; lastKnownFileType = sourcecode.swift; path = MessageInfoBarView.swift; sourceTree = "<group>"; };
		DAAFB5C4282AB37500807B54 /* MediaControllerView.swift */ = {isa = PBXFileReference; lastKnownFileType = sourcecode.swift; path = MediaControllerView.swift; sourceTree = "<group>"; };
		DAAFB5C6282AB56B00807B54 /* AudioCenterManager.swift */ = {isa = PBXFileReference; lastKnownFileType = sourcecode.swift; path = AudioCenterManager.swift; sourceTree = "<group>"; };
		DAAFB5C8282B689000807B54 /* discord-loading-animation.json */ = {isa = PBXFileReference; lastKnownFileType = text.json; path = "discord-loading-animation.json"; sourceTree = "<group>"; };
		DAAFB5CB282B879200807B54 /* Double+.swift */ = {isa = PBXFileReference; lastKnownFileType = sourcecode.swift; path = "Double+.swift"; sourceTree = "<group>"; };
		DAE557FA282D00B6001F4EF1 /* typing-animation.json */ = {isa = PBXFileReference; fileEncoding = 4; lastKnownFileType = text.json; path = "typing-animation.json"; sourceTree = "<group>"; };
		E7AF1C26282FA3ED001F78DF /* Array.Channel+.swift */ = {isa = PBXFileReference; lastKnownFileType = sourcecode.swift; path = "Array.Channel+.swift"; sourceTree = "<group>"; };
		E7AF1C28282FA3F7001F78DF /* Channel+.swift */ = {isa = PBXFileReference; lastKnownFileType = sourcecode.swift; path = "Channel+.swift"; sourceTree = "<group>"; };
		E7AF1C2A282FA400001F78DF /* Guild+.swift */ = {isa = PBXFileReference; lastKnownFileType = sourcecode.swift; path = "Guild+.swift"; sourceTree = "<group>"; };
		E7AF1C32282FB02A001F78DF /* UserSettingsAccountView.swift */ = {isa = PBXFileReference; lastKnownFileType = sourcecode.swift; path = UserSettingsAccountView.swift; sourceTree = "<group>"; };
		E7AF1C35282FC2E8001F78DF /* NSTextView+.swift */ = {isa = PBXFileReference; lastKnownFileType = sourcecode.swift; path = "NSTextView+.swift"; sourceTree = "<group>"; };
/* End PBXFileReference section */

/* Begin PBXFrameworksBuildPhase section */
		DA4A888127C0AF3000720909 /* Frameworks */ = {
			isa = PBXFrameworksBuildPhase;
			buildActionMask = 2147483647;
			files = (
				36367146283C1B6500A5CBE6 /* AVKit.framework in Frameworks */,
				DA2384C227CCFAEC009E15E0 /* CachedAsyncImage in Frameworks */,
				DA974EA42835ED1200013CC2 /* DiscordKitCommon in Frameworks */,
				3684BB59283C696E005045AE /* Sparkle in Frameworks */,
				DA32EF2D27C65E2700A9ED72 /* Lottie in Frameworks */,
				DA974EA22835ED1200013CC2 /* DiscordKit in Frameworks */,
			);
			runOnlyForDeploymentPostprocessing = 0;
		};
/* End PBXFrameworksBuildPhase section */

/* Begin PBXGroup section */
		DA23843C27CB9621009E15E0 /* Fonts */ = {
			isa = PBXGroup;
			children = (
				DA2384B827CBC2CE009E15E0 /* GintoBold.otf */,
				DA2384B927CBC2CE009E15E0 /* GintoMedium.otf */,
			);
			path = Fonts;
			sourceTree = "<group>";
		};
		DA2384BC27CCB0CD009E15E0 /* Message */ = {
			isa = PBXGroup;
			children = (
				DAAFB5C0282A64CD00807B54 /* LoFiMessageView.swift */,
				DA54D57E28460F3A00B11857 /* ReferenceMessageView.swift */,
				DA32EF2527C62E6900A9ED72 /* MessageView.swift */,
				DA32EF2327C6249000A9ED72 /* MessagesView.swift */,
				DA32EF3E27C7C1D000A9ED72 /* MessageInputView.swift */,
				DA32EF3327C6861800A9ED72 /* StickerView.swift */,
				DA32EF3827C77E3300A9ED72 /* AttachmentView.swift */,
				DA2384BE27CCBB26009E15E0 /* EmbedView.swift */,
				DAAFB5C2282AA5C700807B54 /* MessageInfoBarView.swift */,
			);
			path = Message;
			sourceTree = "<group>";
		};
		DA2384BD27CCB0FD009E15E0 /* User */ = {
			isa = PBXGroup;
			children = (
				DA54D572284497CC00B11857 /* Profile */,
				DA32EF2727C633FE00A9ED72 /* UserAvatarView.swift */,
				DA520AC627D39A00009FD740 /* CurrentUserFooter.swift */,
			);
			path = User;
			sourceTree = "<group>";
		};
		DA32EF2E27C6766200A9ED72 /* Lottie */ = {
			isa = PBXGroup;
			children = (
				DA32EF2927C65D2C00A9ED72 /* LottieView.swift */,
				DA32EF2F27C676B300A9ED72 /* WrapperLottieView.swift */,
				DA32EF3127C676FE00A9ED72 /* LottieLoopMode.swift */,
			);
			path = Lottie;
			sourceTree = "<group>";
		};
		DA32EF5727CB5F2C00A9ED72 /* EnvObjects */ = {
			isa = PBXGroup;
			children = (
				DA32EF5827CB5F4F00A9ED72 /* UIStateEnv.swift */,
			);
			path = EnvObjects;
			sourceTree = "<group>";
		};
		DA32EF6327CB770E00A9ED72 /* DataModels */ = {
			isa = PBXGroup;
			children = (
				DA32EF6427CB772300A9ED72 /* CacheModel.xcdatamodeld */,
			);
			path = DataModels;
			sourceTree = "<group>";
		};
		DA4A887B27C0AF3000720909 = {
			isa = PBXGroup;
			children = (
				36004E1C283D63E500F0BA73 /* .swiftlint.yml */,
				DA4A888627C0AF3000720909 /* Swiftcord */,
				DA4A891727C4B0DF00720909 /* README.md */,
				DA4A888527C0AF3000720909 /* Products */,
				E7938D3D28329BFF00B8DC94 /* Frameworks */,
			);
			sourceTree = "<group>";
			usesTabs = 1;
		};
		DA4A888527C0AF3000720909 /* Products */ = {
			isa = PBXGroup;
			children = (
				DA4A888427C0AF3000720909 /* Swiftcord.app */,
			);
			name = Products;
			sourceTree = "<group>";
		};
		DA4A888627C0AF3000720909 /* Swiftcord */ = {
			isa = PBXGroup;
			children = (
				DA520ABD27D322F0009FD740 /* Resources */,
				DA4A88E327C3481700720909 /* Views */,
				DA7720CE283F182700D3C335 /* Commands */,
				DA4A88DC27C3272500720909 /* Utils */,
				DA32EF6327CB770E00A9ED72 /* DataModels */,
				DA4A888727C0AF3000720909 /* SwiftcordApp.swift */,
				DA2802782808337B00B14E5C /* AppDelegate.swift */,
				DA4A889027C0AF3200720909 /* Persistence.swift */,
				DA4A889527C0AF3200720909 /* Swiftcord.entitlements */,
				DA23843827CB934D009E15E0 /* Info.plist */,
				DA2ADF2F2847B13F004A35F2 /* Localizable.strings */,
				DA4A888B27C0AF3200720909 /* Assets.xcassets */,
				DA4A888D27C0AF3200720909 /* Preview Content */,
			);
			path = Swiftcord;
			sourceTree = "<group>";
		};
		DA4A888D27C0AF3200720909 /* Preview Content */ = {
			isa = PBXGroup;
			children = (
				DA4A888E27C0AF3200720909 /* Preview Assets.xcassets */,
			);
			path = "Preview Content";
			sourceTree = "<group>";
		};
		DA4A88DC27C3272500720909 /* Utils */ = {
			isa = PBXGroup;
			children = (
				DA54D5822846496900B11857 /* Animation */,
				DA520AE327D76BF8009FD740 /* Extensions */,
				DA520AC127D37863009FD740 /* MergeStructs */,
				DA4A889B27C0B23C00720909 /* WebView.swift */,
				DAAFB5C6282AB56B00807B54 /* AudioCenterManager.swift */,
				3684BB5A283C69C5005045AE /* Sparkle.swift */,
			);
			path = Utils;
			sourceTree = "<group>";
		};
		DA4A88E327C3481700720909 /* Views */ = {
			isa = PBXGroup;
			children = (
				DA520AE827D977AE009FD740 /* Server */,
				DA520ACC27D4A80C009FD740 /* Settings */,
				DA2384BD27CCB0FD009E15E0 /* User */,
				DA2384BC27CCB0CD009E15E0 /* Message */,
				DAAFB5BF282A635100807B54 /* Utils */,
				DA32EF5727CB5F2C00A9ED72 /* EnvObjects */,
				DA4A88E427C3482A00720909 /* LoginView.swift */,
				DA2384C527CD1921009E15E0 /* LoadingView.swift */,
				DAAFB5C4282AB37500807B54 /* MediaControllerView.swift */,
				DA4A888927C0AF3000720909 /* ContentView.swift */,
			);
			path = Views;
			sourceTree = "<group>";
		};
		DA520ABD27D322F0009FD740 /* Resources */ = {
			isa = PBXGroup;
			children = (
				E7AF1C24282F9F44001F78DF /* Animations */,
				DA23843C27CB9621009E15E0 /* Fonts */,
			);
			path = Resources;
			sourceTree = "<group>";
		};
		DA520AC127D37863009FD740 /* MergeStructs */ = {
			isa = PBXGroup;
			children = (
				DA520AC227D37873009FD740 /* MergePartialMessage.swift */,
			);
			path = MergeStructs;
			sourceTree = "<group>";
		};
		DA520ACC27D4A80C009FD740 /* Settings */ = {
			isa = PBXGroup;
			children = (
				DA520AC827D3A55D009FD740 /* SettingsView.swift */,
				E7AF1C2D282FAFF4001F78DF /* User */,
				E7AF1C2E282FAFFA001F78DF /* Billing */,
				E7AF1C2F282FB004001F78DF /* App */,
				E7AF1C30282FB009001F78DF /* Activity */,
				E7AF1C31282FB00D001F78DF /* Misc */,
			);
			path = Settings;
			sourceTree = "<group>";
		};
		DA520AE327D76BF8009FD740 /* Extensions */ = {
			isa = PBXGroup;
			children = (
				E7AF1C25282FA3D9001F78DF /* DiscordAPI */,
				DA520AE127D76BEB009FD740 /* Bool+.swift */,
				DA32EF4927C8BE8F00A9ED72 /* Color+.swift */,
				DA32EF4727C8ABFF00A9ED72 /* Date+.swift */,
				DAAFB5CB282B879200807B54 /* Double+.swift */,
				DA2384A027CB9714009E15E0 /* Font+.swift */,
				DA520ADC27D643CE009FD740 /* Int+.swift */,
				DA32EF4527C8AB6200A9ED72 /* ISOTimestamp+.swift */,
				DA28027E28095E3000B14E5C /* Logger+.swift */,
				E7AF1C35282FC2E8001F78DF /* NSTextView+.swift */,
				DA520ACA27D4A23A009FD740 /* String+.swift */,
				DA585C9827E1F6AC00FA4EE0 /* View+.swift */,
				DA54D57B2845C36E00B11857 /* MessagesView+.swift */,
			);
			path = Extensions;
			sourceTree = "<group>";
		};
		DA520AE827D977AE009FD740 /* Server */ = {
			isa = PBXGroup;
			children = (
				DA4A892327C5D6C500720909 /* ServerView.swift */,
				DA4A891327C49B1000720909 /* ServerButton.swift */,
				DA57F44328056718001DC46E /* ChannelList.swift */,
				DA57F44528065209001DC46E /* ChannelButton.swift */,
			);
			path = Server;
			sourceTree = "<group>";
		};
		DA54D572284497CC00B11857 /* Profile */ = {
			isa = PBXGroup;
			children = (
				DA520AD827D4E7A3009FD740 /* LargeUserProfileView.swift */,
				DA54D5702841D6CF00B11857 /* MiniUserProfileView.swift */,
				DA54D573284497E400B11857 /* ProfileAccentMask.swift */,
				DA54D5792844E41A00B11857 /* ProfileBadges.swift */,
			);
			path = Profile;
			sourceTree = "<group>";
		};
		DA54D5822846496900B11857 /* Animation */ = {
			isa = PBXGroup;
			children = (
				DA54D5802846495A00B11857 /* ReversingOpacity.swift */,
			);
			path = Animation;
			sourceTree = "<group>";
		};
		DA7720CE283F182700D3C335 /* Commands */ = {
			isa = PBXGroup;
			children = (
				DA7720CF283F184100D3C335 /* NavigationCommands.swift */,
			);
			path = Commands;
			sourceTree = "<group>";
		};
		DAAFB5BF282A635100807B54 /* Utils */ = {
			isa = PBXGroup;
			children = (
				DA32EF2E27C6766200A9ED72 /* Lottie */,
				DA32EF4B27C8BF5000A9ED72 /* TagCloudView.swift */,
				DAAFB5BB282A570D00807B54 /* CircularProgressView.swift */,
			);
			path = Utils;
			sourceTree = "<group>";
		};
		E7938D3D28329BFF00B8DC94 /* Frameworks */ = {
			isa = PBXGroup;
			children = (
				36367144283C19E500A5CBE6 /* AVKit.framework */,
			);
			name = Frameworks;
			sourceTree = "<group>";
		};
		E7AF1C24282F9F44001F78DF /* Animations */ = {
			isa = PBXGroup;
			children = (
				DAE557FA282D00B6001F4EF1 /* typing-animation.json */,
				DAAFB5C8282B689000807B54 /* discord-loading-animation.json */,
			);
			path = Animations;
			sourceTree = "<group>";
		};
		E7AF1C25282FA3D9001F78DF /* DiscordAPI */ = {
			isa = PBXGroup;
			children = (
				E7AF1C26282FA3ED001F78DF /* Array.Channel+.swift */,
				E7AF1C28282FA3F7001F78DF /* Channel+.swift */,
				E7AF1C2A282FA400001F78DF /* Guild+.swift */,
				DA32EF4F27C8D7E000A9ED72 /* Message+.swift */,
				DA32EF5127C8FBB200A9ED72 /* User+.swift */,
				DA54D5752844B9C500B11857 /* CurrentUser+.swift */,
			);
			path = DiscordAPI;
			sourceTree = "<group>";
		};
		E7AF1C2D282FAFF4001F78DF /* User */ = {
			isa = PBXGroup;
			children = (
				DA520ACE27D4CE5E009FD740 /* UserSettingsView.swift */,
				E7AF1C32282FB02A001F78DF /* UserSettingsAccountView.swift */,
				DA54D5772844DA1400B11857 /* UserSettingsProfileView.swift */,
			);
			path = User;
			sourceTree = "<group>";
		};
		E7AF1C2E282FAFFA001F78DF /* Billing */ = {
			isa = PBXGroup;
			children = (
				DA520AD027D4CFCF009FD740 /* BillingSettingsView.swift */,
			);
			path = Billing;
			sourceTree = "<group>";
		};
		E7AF1C2F282FB004001F78DF /* App */ = {
			isa = PBXGroup;
			children = (
				DA520AD227D4D073009FD740 /* AppSettingsView.swift */,
			);
			path = App;
			sourceTree = "<group>";
		};
		E7AF1C30282FB009001F78DF /* Activity */ = {
			isa = PBXGroup;
			children = (
				DA520AD427D4D120009FD740 /* ActivitySettingsView.swift */,
			);
			path = Activity;
			sourceTree = "<group>";
		};
		E7AF1C31282FB00D001F78DF /* Misc */ = {
			isa = PBXGroup;
			children = (
				DA520AD627D4D17A009FD740 /* MiscSettingsView.swift */,
				DA67491A2833D5A9001F51CC /* AboutSwiftcordView.swift */,
			);
			path = Misc;
			sourceTree = "<group>";
		};
/* End PBXGroup section */

/* Begin PBXNativeTarget section */
		DA4A888327C0AF3000720909 /* Swiftcord */ = {
			isa = PBXNativeTarget;
			buildConfigurationList = DA4A889827C0AF3200720909 /* Build configuration list for PBXNativeTarget "Swiftcord" */;
			buildPhases = (
				DA4A888027C0AF3000720909 /* Sources */,
				DA4A888127C0AF3000720909 /* Frameworks */,
				DA4A888227C0AF3000720909 /* Resources */,
				36004E1B283D61FE00F0BA73 /* ShellScript */,
			);
			buildRules = (
			);
			dependencies = (
			);
			name = Swiftcord;
			packageProductDependencies = (
				DA32EF2C27C65E2700A9ED72 /* Lottie */,
				DA2384C127CCFAEC009E15E0 /* CachedAsyncImage */,
				DA974EA12835ED1200013CC2 /* DiscordKit */,
				DA974EA32835ED1200013CC2 /* DiscordKitCommon */,
				3684BB58283C696E005045AE /* Sparkle */,
			);
			productName = "Native Discord";
			productReference = DA4A888427C0AF3000720909 /* Swiftcord.app */;
			productType = "com.apple.product-type.application";
		};
/* End PBXNativeTarget section */

/* Begin PBXProject section */
		DA4A887C27C0AF3000720909 /* Project object */ = {
			isa = PBXProject;
			attributes = {
				BuildIndependentTargetsInParallel = 1;
				LastSwiftUpdateCheck = 1320;
				LastUpgradeCheck = 1320;
				TargetAttributes = {
					DA4A888327C0AF3000720909 = {
						CreatedOnToolsVersion = 13.2.1;
					};
				};
			};
			buildConfigurationList = DA4A887F27C0AF3000720909 /* Build configuration list for PBXProject "Swiftcord" */;
			compatibilityVersion = "Xcode 13.0";
			developmentRegion = en;
			hasScannedForEncodings = 0;
			knownRegions = (
				en,
				Base,
				"zh-Hans",
			);
			mainGroup = DA4A887B27C0AF3000720909;
			packageReferences = (
				DA32EF2B27C65E2700A9ED72 /* XCRemoteSwiftPackageReference "lottie-ios" */,
				DA2384C027CCFAEC009E15E0 /* XCRemoteSwiftPackageReference "swiftui-cached-async-image" */,
				DA974EA02835ED1200013CC2 /* XCRemoteSwiftPackageReference "DiscordKit" */,
				3684BB57283C696E005045AE /* XCRemoteSwiftPackageReference "Sparkle" */,
			);
			productRefGroup = DA4A888527C0AF3000720909 /* Products */;
			projectDirPath = "";
			projectRoot = "";
			targets = (
				DA4A888327C0AF3000720909 /* Swiftcord */,
			);
		};
/* End PBXProject section */

/* Begin PBXResourcesBuildPhase section */
		DA4A888227C0AF3000720909 /* Resources */ = {
			isa = PBXResourcesBuildPhase;
			buildActionMask = 2147483647;
			files = (
				DAAFB5C9282B689000807B54 /* discord-loading-animation.json in Resources */,
				DA2384BB27CBC2CE009E15E0 /* GintoMedium.otf in Resources */,
				DA4A888F27C0AF3200720909 /* Preview Assets.xcassets in Resources */,
				DA2ADF312847B13F004A35F2 /* Localizable.strings in Resources */,
				DA4A888C27C0AF3200720909 /* Assets.xcassets in Resources */,
				DA2384BA27CBC2CE009E15E0 /* GintoBold.otf in Resources */,
				DAE557FB282D00B6001F4EF1 /* typing-animation.json in Resources */,
			);
			runOnlyForDeploymentPostprocessing = 0;
		};
/* End PBXResourcesBuildPhase section */

/* Begin PBXShellScriptBuildPhase section */
		36004E1B283D61FE00F0BA73 /* ShellScript */ = {
			isa = PBXShellScriptBuildPhase;
			buildActionMask = 2147483647;
			files = (
			);
			inputFileListPaths = (
			);
			inputPaths = (
			);
			outputFileListPaths = (
			);
			outputPaths = (
			);
			runOnlyForDeploymentPostprocessing = 0;
			shellPath = /bin/sh;
			shellScript = "export PATH=\"$PATH:/opt/homebrew/bin\"\nif which swiftlint > /dev/null; then\n  swiftlint --config \"$SRCROOT/.swiftlint.yml\"\nelse\n  echo \"warning: SwiftLint not installed, download from https://github.com/realm/SwiftLint\"\nfi\n";
		};
/* End PBXShellScriptBuildPhase section */

/* Begin PBXSourcesBuildPhase section */
		DA4A888027C0AF3000720909 /* Sources */ = {
			isa = PBXSourcesBuildPhase;
			buildActionMask = 2147483647;
			files = (
				DA520ACB27D4A23A009FD740 /* String+.swift in Sources */,
				DA57F44428056718001DC46E /* ChannelList.swift in Sources */,
				DA54D57F28460F3A00B11857 /* ReferenceMessageView.swift in Sources */,
				DA32EF2427C6249000A9ED72 /* MessagesView.swift in Sources */,
				E7AF1C27282FA3ED001F78DF /* Array.Channel+.swift in Sources */,
				DA520AC327D37873009FD740 /* MergePartialMessage.swift in Sources */,
				E7AF1C36282FC2E8001F78DF /* NSTextView+.swift in Sources */,
				DA32EF3027C676B300A9ED72 /* WrapperLottieView.swift in Sources */,
				DA32EF3927C77E3300A9ED72 /* AttachmentView.swift in Sources */,
				DA2384A127CB9714009E15E0 /* Font+.swift in Sources */,
				DAAFB5C1282A64CD00807B54 /* LoFiMessageView.swift in Sources */,
				DA520AC727D39A00009FD740 /* CurrentUserFooter.swift in Sources */,
				DA32EF4C27C8BF5000A9ED72 /* TagCloudView.swift in Sources */,
				DA4A889127C0AF3200720909 /* Persistence.swift in Sources */,
				DA2384C627CD1921009E15E0 /* LoadingView.swift in Sources */,
				DA54D5762844B9C500B11857 /* CurrentUser+.swift in Sources */,
				DA520AD727D4D17A009FD740 /* MiscSettingsView.swift in Sources */,
				DA32EF3F27C7C1D000A9ED72 /* MessageInputView.swift in Sources */,
				DA520AD327D4D073009FD740 /* AppSettingsView.swift in Sources */,
				DA54D5812846495A00B11857 /* ReversingOpacity.swift in Sources */,
				DA4A889C27C0B23C00720909 /* WebView.swift in Sources */,
				DA4A88E527C3482A00720909 /* LoginView.swift in Sources */,
				DA32EF5927CB5F4F00A9ED72 /* UIStateEnv.swift in Sources */,
				DA32EF2627C62E6900A9ED72 /* MessageView.swift in Sources */,
				DA4A888A27C0AF3000720909 /* ContentView.swift in Sources */,
				DA57F44628065209001DC46E /* ChannelButton.swift in Sources */,
				DA32EF6627CB772300A9ED72 /* CacheModel.xcdatamodeld in Sources */,
				E7AF1C33282FB02A001F78DF /* UserSettingsAccountView.swift in Sources */,
				DA520AE227D76BEB009FD740 /* Bool+.swift in Sources */,
				DA2802792808337B00B14E5C /* AppDelegate.swift in Sources */,
				DA4A891427C49B1100720909 /* ServerButton.swift in Sources */,
				DA520AD927D4E7A4009FD740 /* LargeUserProfileView.swift in Sources */,
				DA54D57A2844E41A00B11857 /* ProfileBadges.swift in Sources */,
				DA520ACF27D4CE5E009FD740 /* UserSettingsView.swift in Sources */,
				DA67491B2833D5A9001F51CC /* AboutSwiftcordView.swift in Sources */,
				E7AF1C2B282FA400001F78DF /* Guild+.swift in Sources */,
				DA520AD527D4D120009FD740 /* ActivitySettingsView.swift in Sources */,
				DA54D5712841D6CF00B11857 /* MiniUserProfileView.swift in Sources */,
				DA32EF5227C8FBB200A9ED72 /* User+.swift in Sources */,
				DA520AD127D4CFCF009FD740 /* BillingSettingsView.swift in Sources */,
				DA2384BF27CCBB26009E15E0 /* EmbedView.swift in Sources */,
				E7AF1C29282FA3F7001F78DF /* Channel+.swift in Sources */,
				DAAFB5C3282AA5C700807B54 /* MessageInfoBarView.swift in Sources */,
				DA32EF5027C8D7E000A9ED72 /* Message+.swift in Sources */,
				DAAFB5C5282AB37500807B54 /* MediaControllerView.swift in Sources */,
				DAAFB5CC282B879200807B54 /* Double+.swift in Sources */,
				DA54D57C2845C36E00B11857 /* MessagesView+.swift in Sources */,
				DA520AC927D3A55D009FD740 /* SettingsView.swift in Sources */,
				DA32EF2827C633FE00A9ED72 /* UserAvatarView.swift in Sources */,
				DA585C9927E1F6AC00FA4EE0 /* View+.swift in Sources */,
				DA32EF4A27C8BE8F00A9ED72 /* Color+.swift in Sources */,
				DA7720D0283F184100D3C335 /* NavigationCommands.swift in Sources */,
				DAAFB5BC282A570D00807B54 /* CircularProgressView.swift in Sources */,
				3684BB5B283C69C5005045AE /* Sparkle.swift in Sources */,
				DA520ADD27D643CE009FD740 /* Int+.swift in Sources */,
				DA32EF3227C676FE00A9ED72 /* LottieLoopMode.swift in Sources */,
				DA28027F28095E3100B14E5C /* Logger+.swift in Sources */,
				DA32EF3427C6861800A9ED72 /* StickerView.swift in Sources */,
				DA54D574284497E400B11857 /* ProfileAccentMask.swift in Sources */,
				DAAFB5C7282AB56B00807B54 /* AudioCenterManager.swift in Sources */,
				DA32EF2A27C65D2C00A9ED72 /* LottieView.swift in Sources */,
				DA32EF4827C8ABFF00A9ED72 /* Date+.swift in Sources */,
				DA54D5782844DA1400B11857 /* UserSettingsProfileView.swift in Sources */,
				DA4A892427C5D6C500720909 /* ServerView.swift in Sources */,
				DA32EF4627C8AB6200A9ED72 /* ISOTimestamp+.swift in Sources */,
				DA4A888827C0AF3000720909 /* SwiftcordApp.swift in Sources */,
			);
			runOnlyForDeploymentPostprocessing = 0;
		};
/* End PBXSourcesBuildPhase section */

/* Begin PBXVariantGroup section */
		DA2ADF2F2847B13F004A35F2 /* Localizable.strings */ = {
			isa = PBXVariantGroup;
			children = (
				DA2ADF302847B13F004A35F2 /* zh-Hans */,
			);
			name = Localizable.strings;
			sourceTree = "<group>";
		};
/* End PBXVariantGroup section */

/* Begin XCBuildConfiguration section */
		DA4A889627C0AF3200720909 /* Debug */ = {
			isa = XCBuildConfiguration;
			buildSettings = {
				ALWAYS_SEARCH_USER_PATHS = NO;
				CLANG_ANALYZER_NONNULL = YES;
				CLANG_ANALYZER_NUMBER_OBJECT_CONVERSION = YES_AGGRESSIVE;
				CLANG_CXX_LANGUAGE_STANDARD = "gnu++17";
				CLANG_CXX_LIBRARY = "libc++";
				CLANG_ENABLE_MODULES = YES;
				CLANG_ENABLE_OBJC_ARC = YES;
				CLANG_ENABLE_OBJC_WEAK = YES;
				CLANG_WARN_BLOCK_CAPTURE_AUTORELEASING = YES;
				CLANG_WARN_BOOL_CONVERSION = YES;
				CLANG_WARN_COMMA = YES;
				CLANG_WARN_CONSTANT_CONVERSION = YES;
				CLANG_WARN_DEPRECATED_OBJC_IMPLEMENTATIONS = YES;
				CLANG_WARN_DIRECT_OBJC_ISA_USAGE = YES_ERROR;
				CLANG_WARN_DOCUMENTATION_COMMENTS = YES;
				CLANG_WARN_EMPTY_BODY = YES;
				CLANG_WARN_ENUM_CONVERSION = YES;
				CLANG_WARN_INFINITE_RECURSION = YES;
				CLANG_WARN_INT_CONVERSION = YES;
				CLANG_WARN_NON_LITERAL_NULL_CONVERSION = YES;
				CLANG_WARN_OBJC_IMPLICIT_RETAIN_SELF = YES;
				CLANG_WARN_OBJC_LITERAL_CONVERSION = YES;
				CLANG_WARN_OBJC_ROOT_CLASS = YES_ERROR;
				CLANG_WARN_QUOTED_INCLUDE_IN_FRAMEWORK_HEADER = YES;
				CLANG_WARN_RANGE_LOOP_ANALYSIS = YES;
				CLANG_WARN_STRICT_PROTOTYPES = YES;
				CLANG_WARN_SUSPICIOUS_MOVE = YES;
				CLANG_WARN_UNGUARDED_AVAILABILITY = YES_AGGRESSIVE;
				CLANG_WARN_UNREACHABLE_CODE = YES;
				CLANG_WARN__DUPLICATE_METHOD_MATCH = YES;
				COPY_PHASE_STRIP = NO;
				DEBUG_INFORMATION_FORMAT = dwarf;
				ENABLE_STRICT_OBJC_MSGSEND = YES;
				ENABLE_TESTABILITY = YES;
				GCC_C_LANGUAGE_STANDARD = gnu11;
				GCC_DYNAMIC_NO_PIC = NO;
				GCC_NO_COMMON_BLOCKS = YES;
				GCC_OPTIMIZATION_LEVEL = 0;
				GCC_PREPROCESSOR_DEFINITIONS = (
					"DEBUG=1",
					"$(inherited)",
				);
				GCC_WARN_64_TO_32_BIT_CONVERSION = YES;
				GCC_WARN_ABOUT_RETURN_TYPE = YES_ERROR;
				GCC_WARN_UNDECLARED_SELECTOR = YES;
				GCC_WARN_UNINITIALIZED_AUTOS = YES_AGGRESSIVE;
				GCC_WARN_UNUSED_FUNCTION = YES;
				GCC_WARN_UNUSED_VARIABLE = YES;
				MACOSX_DEPLOYMENT_TARGET = 12.0;
				MTL_ENABLE_DEBUG_INFO = INCLUDE_SOURCE;
				MTL_FAST_MATH = YES;
				ONLY_ACTIVE_ARCH = YES;
				SDKROOT = macosx;
				SWIFT_ACTIVE_COMPILATION_CONDITIONS = DEBUG;
				SWIFT_EMIT_LOC_STRINGS = YES;
				SWIFT_OPTIMIZATION_LEVEL = "-Onone";
			};
			name = Debug;
		};
		DA4A889727C0AF3200720909 /* Release */ = {
			isa = XCBuildConfiguration;
			buildSettings = {
				ALWAYS_SEARCH_USER_PATHS = NO;
				CLANG_ANALYZER_NONNULL = YES;
				CLANG_ANALYZER_NUMBER_OBJECT_CONVERSION = YES_AGGRESSIVE;
				CLANG_CXX_LANGUAGE_STANDARD = "gnu++17";
				CLANG_CXX_LIBRARY = "libc++";
				CLANG_ENABLE_MODULES = YES;
				CLANG_ENABLE_OBJC_ARC = YES;
				CLANG_ENABLE_OBJC_WEAK = YES;
				CLANG_WARN_BLOCK_CAPTURE_AUTORELEASING = YES;
				CLANG_WARN_BOOL_CONVERSION = YES;
				CLANG_WARN_COMMA = YES;
				CLANG_WARN_CONSTANT_CONVERSION = YES;
				CLANG_WARN_DEPRECATED_OBJC_IMPLEMENTATIONS = YES;
				CLANG_WARN_DIRECT_OBJC_ISA_USAGE = YES_ERROR;
				CLANG_WARN_DOCUMENTATION_COMMENTS = YES;
				CLANG_WARN_EMPTY_BODY = YES;
				CLANG_WARN_ENUM_CONVERSION = YES;
				CLANG_WARN_INFINITE_RECURSION = YES;
				CLANG_WARN_INT_CONVERSION = YES;
				CLANG_WARN_NON_LITERAL_NULL_CONVERSION = YES;
				CLANG_WARN_OBJC_IMPLICIT_RETAIN_SELF = YES;
				CLANG_WARN_OBJC_LITERAL_CONVERSION = YES;
				CLANG_WARN_OBJC_ROOT_CLASS = YES_ERROR;
				CLANG_WARN_QUOTED_INCLUDE_IN_FRAMEWORK_HEADER = YES;
				CLANG_WARN_RANGE_LOOP_ANALYSIS = YES;
				CLANG_WARN_STRICT_PROTOTYPES = YES;
				CLANG_WARN_SUSPICIOUS_MOVE = YES;
				CLANG_WARN_UNGUARDED_AVAILABILITY = YES_AGGRESSIVE;
				CLANG_WARN_UNREACHABLE_CODE = YES;
				CLANG_WARN__DUPLICATE_METHOD_MATCH = YES;
				COPY_PHASE_STRIP = NO;
				DEBUG_INFORMATION_FORMAT = "dwarf-with-dsym";
				ENABLE_NS_ASSERTIONS = NO;
				ENABLE_STRICT_OBJC_MSGSEND = YES;
				GCC_C_LANGUAGE_STANDARD = gnu11;
				GCC_NO_COMMON_BLOCKS = YES;
				GCC_WARN_64_TO_32_BIT_CONVERSION = YES;
				GCC_WARN_ABOUT_RETURN_TYPE = YES_ERROR;
				GCC_WARN_UNDECLARED_SELECTOR = YES;
				GCC_WARN_UNINITIALIZED_AUTOS = YES_AGGRESSIVE;
				GCC_WARN_UNUSED_FUNCTION = YES;
				GCC_WARN_UNUSED_VARIABLE = YES;
				MACOSX_DEPLOYMENT_TARGET = 12.0;
				MTL_ENABLE_DEBUG_INFO = NO;
				MTL_FAST_MATH = YES;
				SDKROOT = macosx;
				SWIFT_COMPILATION_MODE = wholemodule;
				SWIFT_EMIT_LOC_STRINGS = YES;
				SWIFT_OPTIMIZATION_LEVEL = "-O";
			};
			name = Release;
		};
		DA4A889927C0AF3200720909 /* Debug */ = {
			isa = XCBuildConfiguration;
			buildSettings = {
				ASSETCATALOG_COMPILER_APPICON_NAME = AppIcon;
				ASSETCATALOG_COMPILER_GLOBAL_ACCENT_COLOR_NAME = AccentColor;
				CODE_SIGN_ENTITLEMENTS = Swiftcord/Swiftcord.entitlements;
				CODE_SIGN_IDENTITY = "Apple Development";
				CODE_SIGN_STYLE = Automatic;
				COMBINE_HIDPI_IMAGES = YES;
				CURRENT_PROJECT_VERSION = 7;
				DEVELOPMENT_ASSET_PATHS = "\"Swiftcord/Preview Content\"";
				DEVELOPMENT_TEAM = Q382QLKDG3;
				ENABLE_HARDENED_RUNTIME = YES;
				ENABLE_PREVIEWS = YES;
				GENERATE_INFOPLIST_FILE = YES;
				INFOPLIST_FILE = Swiftcord/Info.plist;
				INFOPLIST_KEY_NSHumanReadableCopyright = "Copyright © 2022 Vincent Kwok.\nAll rights reserved.";
				LD_RUNPATH_SEARCH_PATHS = (
					"$(inherited)",
					"@executable_path/../Frameworks",
				);
				MACOSX_DEPLOYMENT_TARGET = 12.0;
				MARKETING_VERSION = 0.4.0;
				PRODUCT_BUNDLE_IDENTIFIER = com.cryptoalgo.swiftcord;
				PRODUCT_NAME = "$(TARGET_NAME)";
				SWIFT_EMIT_LOC_STRINGS = YES;
				SWIFT_VERSION = 5.0;
			};
			name = Debug;
		};
		DA4A889A27C0AF3200720909 /* Release */ = {
			isa = XCBuildConfiguration;
			buildSettings = {
				ASSETCATALOG_COMPILER_APPICON_NAME = AppIcon;
				ASSETCATALOG_COMPILER_GLOBAL_ACCENT_COLOR_NAME = AccentColor;
				CODE_SIGN_ENTITLEMENTS = Swiftcord/Swiftcord.entitlements;
				CODE_SIGN_IDENTITY = "Apple Development";
				CODE_SIGN_STYLE = Automatic;
				COMBINE_HIDPI_IMAGES = YES;
				CURRENT_PROJECT_VERSION = 7;
				DEVELOPMENT_ASSET_PATHS = "\"Swiftcord/Preview Content\"";
				DEVELOPMENT_TEAM = Q382QLKDG3;
				ENABLE_HARDENED_RUNTIME = YES;
				ENABLE_PREVIEWS = YES;
				GENERATE_INFOPLIST_FILE = YES;
				INFOPLIST_FILE = Swiftcord/Info.plist;
				INFOPLIST_KEY_NSHumanReadableCopyright = "Copyright © 2022 Vincent Kwok.\nAll rights reserved.";
				LD_RUNPATH_SEARCH_PATHS = (
					"$(inherited)",
					"@executable_path/../Frameworks",
				);
				MACOSX_DEPLOYMENT_TARGET = 12.0;
				MARKETING_VERSION = 0.4.0;
				PRODUCT_BUNDLE_IDENTIFIER = com.cryptoalgo.swiftcord;
				PRODUCT_NAME = "$(TARGET_NAME)";
				SWIFT_EMIT_LOC_STRINGS = YES;
				SWIFT_VERSION = 5.0;
			};
			name = Release;
		};
/* End XCBuildConfiguration section */

/* Begin XCConfigurationList section */
		DA4A887F27C0AF3000720909 /* Build configuration list for PBXProject "Swiftcord" */ = {
			isa = XCConfigurationList;
			buildConfigurations = (
				DA4A889627C0AF3200720909 /* Debug */,
				DA4A889727C0AF3200720909 /* Release */,
			);
			defaultConfigurationIsVisible = 0;
			defaultConfigurationName = Release;
		};
		DA4A889827C0AF3200720909 /* Build configuration list for PBXNativeTarget "Swiftcord" */ = {
			isa = XCConfigurationList;
			buildConfigurations = (
				DA4A889927C0AF3200720909 /* Debug */,
				DA4A889A27C0AF3200720909 /* Release */,
			);
			defaultConfigurationIsVisible = 0;
			defaultConfigurationName = Release;
		};
/* End XCConfigurationList section */

/* Begin XCRemoteSwiftPackageReference section */
		3684BB57283C696E005045AE /* XCRemoteSwiftPackageReference "Sparkle" */ = {
			isa = XCRemoteSwiftPackageReference;
			repositoryURL = "https://github.com/sparkle-project/Sparkle";
			requirement = {
				kind = upToNextMajorVersion;
				minimumVersion = 2.0.0;
			};
		};
		DA2384C027CCFAEC009E15E0 /* XCRemoteSwiftPackageReference "swiftui-cached-async-image" */ = {
			isa = XCRemoteSwiftPackageReference;
			repositoryURL = "https://github.com/lorenzofiamingo/swiftui-cached-async-image";
			requirement = {
				kind = upToNextMajorVersion;
				minimumVersion = 2.0.0;
			};
		};
		DA32EF2B27C65E2700A9ED72 /* XCRemoteSwiftPackageReference "lottie-ios" */ = {
			isa = XCRemoteSwiftPackageReference;
			repositoryURL = "https://github.com/airbnb/lottie-ios.git";
			requirement = {
				kind = upToNextMajorVersion;
				minimumVersion = 3.3.0;
			};
		};
		DA974EA02835ED1200013CC2 /* XCRemoteSwiftPackageReference "DiscordKit" */ = {
			isa = XCRemoteSwiftPackageReference;
			repositoryURL = "https://github.com/SwiftcordApp/DiscordKit";
			requirement = {
				branch = main;
				kind = branch;
			};
		};
/* End XCRemoteSwiftPackageReference section */

/* Begin XCSwiftPackageProductDependency section */
		3684BB58283C696E005045AE /* Sparkle */ = {
			isa = XCSwiftPackageProductDependency;
			package = 3684BB57283C696E005045AE /* XCRemoteSwiftPackageReference "Sparkle" */;
			productName = Sparkle;
		};
		DA2384C127CCFAEC009E15E0 /* CachedAsyncImage */ = {
			isa = XCSwiftPackageProductDependency;
			package = DA2384C027CCFAEC009E15E0 /* XCRemoteSwiftPackageReference "swiftui-cached-async-image" */;
			productName = CachedAsyncImage;
		};
		DA32EF2C27C65E2700A9ED72 /* Lottie */ = {
			isa = XCSwiftPackageProductDependency;
			package = DA32EF2B27C65E2700A9ED72 /* XCRemoteSwiftPackageReference "lottie-ios" */;
			productName = Lottie;
		};
		DA974EA12835ED1200013CC2 /* DiscordKit */ = {
			isa = XCSwiftPackageProductDependency;
			package = DA974EA02835ED1200013CC2 /* XCRemoteSwiftPackageReference "DiscordKit" */;
			productName = DiscordKit;
		};
		DA974EA32835ED1200013CC2 /* DiscordKitCommon */ = {
			isa = XCSwiftPackageProductDependency;
			package = DA974EA02835ED1200013CC2 /* XCRemoteSwiftPackageReference "DiscordKit" */;
			productName = DiscordKitCommon;
		};
/* End XCSwiftPackageProductDependency section */

/* Begin XCVersionGroup section */
		DA32EF6427CB772300A9ED72 /* CacheModel.xcdatamodeld */ = {
			isa = XCVersionGroup;
			children = (
				DA32EF6527CB772300A9ED72 /* MessageModel.xcdatamodel */,
			);
			currentVersion = DA32EF6527CB772300A9ED72 /* MessageModel.xcdatamodel */;
			path = CacheModel.xcdatamodeld;
			sourceTree = "<group>";
			versionGroupType = wrapper.xcdatamodel;
		};
/* End XCVersionGroup section */
	};
	rootObject = DA4A887C27C0AF3000720909 /* Project object */;
}
