// !$*UTF8*$!
{
	archiveVersion = 1;
	classes = {
	};
	objectVersion = 55;
	objects = {

/* Begin PBXBuildFile section */
		DA4A888827C0AF3000720909 /* Native_DiscordApp.swift in Sources */ = {isa = PBXBuildFile; fileRef = DA4A888727C0AF3000720909 /* Native_DiscordApp.swift */; };
		DA4A888A27C0AF3000720909 /* ContentView.swift in Sources */ = {isa = PBXBuildFile; fileRef = DA4A888927C0AF3000720909 /* ContentView.swift */; };
		DA4A888C27C0AF3200720909 /* Assets.xcassets in Resources */ = {isa = PBXBuildFile; fileRef = DA4A888B27C0AF3200720909 /* Assets.xcassets */; };
		DA4A888F27C0AF3200720909 /* Preview Assets.xcassets in Resources */ = {isa = PBXBuildFile; fileRef = DA4A888E27C0AF3200720909 /* Preview Assets.xcassets */; };
		DA4A889127C0AF3200720909 /* Persistence.swift in Sources */ = {isa = PBXBuildFile; fileRef = DA4A889027C0AF3200720909 /* Persistence.swift */; };
		DA4A889427C0AF3200720909 /* Native_Discord.xcdatamodeld in Sources */ = {isa = PBXBuildFile; fileRef = DA4A889227C0AF3200720909 /* Native_Discord.xcdatamodeld */; };
		DA4A889C27C0B23C00720909 /* WebView.swift in Sources */ = {isa = PBXBuildFile; fileRef = DA4A889B27C0B23C00720909 /* WebView.swift */; };
		DA4A88A227C1244200720909 /* Embed.swift in Sources */ = {isa = PBXBuildFile; fileRef = DA4A88A127C1244200720909 /* Embed.swift */; };
		DA4A88A427C12CD100720909 /* Message.swift in Sources */ = {isa = PBXBuildFile; fileRef = DA4A88A327C12CD100720909 /* Message.swift */; };
		DA4A88A627C12DD700720909 /* Mention.swift in Sources */ = {isa = PBXBuildFile; fileRef = DA4A88A527C12DD700720909 /* Mention.swift */; };
		DA4A88A827C12E9C00720909 /* Snowflake.swift in Sources */ = {isa = PBXBuildFile; fileRef = DA4A88A727C12E9C00720909 /* Snowflake.swift */; };
		DA4A88AA27C1324400720909 /* User.swift in Sources */ = {isa = PBXBuildFile; fileRef = DA4A88A927C1324400720909 /* User.swift */; };
		DA4A88AC27C1332600720909 /* Locale.swift in Sources */ = {isa = PBXBuildFile; fileRef = DA4A88AB27C1332600720909 /* Locale.swift */; };
		DA4A88AE27C135F300720909 /* Member.swift in Sources */ = {isa = PBXBuildFile; fileRef = DA4A88AD27C135F300720909 /* Member.swift */; };
		DA4A88B027C136B400720909 /* ISOTimestamp.swift in Sources */ = {isa = PBXBuildFile; fileRef = DA4A88AF27C136B400720909 /* ISOTimestamp.swift */; };
		DA4A88B227C1385100720909 /* Attachment.swift in Sources */ = {isa = PBXBuildFile; fileRef = DA4A88B127C1385100720909 /* Attachment.swift */; };
		DA4A88B427C1390700720909 /* Role.swift in Sources */ = {isa = PBXBuildFile; fileRef = DA4A88B327C1390700720909 /* Role.swift */; };
		DA4A88B627C13A9800720909 /* Channel.swift in Sources */ = {isa = PBXBuildFile; fileRef = DA4A88B527C13A9800720909 /* Channel.swift */; };
		DA4A88B827C13BAF00720909 /* Reaction.swift in Sources */ = {isa = PBXBuildFile; fileRef = DA4A88B727C13BAF00720909 /* Reaction.swift */; };
		DA4A88BA27C13BDF00720909 /* Emoji.swift in Sources */ = {isa = PBXBuildFile; fileRef = DA4A88B927C13BDF00720909 /* Emoji.swift */; };
		DA4A88BC27C13FA200720909 /* Presence.swift in Sources */ = {isa = PBXBuildFile; fileRef = DA4A88BB27C13FA200720909 /* Presence.swift */; };
		DA4A88BE27C140BC00720909 /* Application.swift in Sources */ = {isa = PBXBuildFile; fileRef = DA4A88BD27C140BC00720909 /* Application.swift */; };
		DA4A88C027C1417900720909 /* Team.swift in Sources */ = {isa = PBXBuildFile; fileRef = DA4A88BF27C1417900720909 /* Team.swift */; };
		DA4A88C227C1432300720909 /* Interaction.swift in Sources */ = {isa = PBXBuildFile; fileRef = DA4A88C127C1432300720909 /* Interaction.swift */; };
		DA4A88C427C1442300720909 /* Sticker.swift in Sources */ = {isa = PBXBuildFile; fileRef = DA4A88C327C1442300720909 /* Sticker.swift */; };
/* End PBXBuildFile section */

/* Begin PBXFileReference section */
		DA4A888427C0AF3000720909 /* Native Discord.app */ = {isa = PBXFileReference; explicitFileType = wrapper.application; includeInIndex = 0; path = "Native Discord.app"; sourceTree = BUILT_PRODUCTS_DIR; };
		DA4A888727C0AF3000720909 /* Native_DiscordApp.swift */ = {isa = PBXFileReference; lastKnownFileType = sourcecode.swift; path = Native_DiscordApp.swift; sourceTree = "<group>"; };
		DA4A888927C0AF3000720909 /* ContentView.swift */ = {isa = PBXFileReference; lastKnownFileType = sourcecode.swift; path = ContentView.swift; sourceTree = "<group>"; };
		DA4A888B27C0AF3200720909 /* Assets.xcassets */ = {isa = PBXFileReference; lastKnownFileType = folder.assetcatalog; path = Assets.xcassets; sourceTree = "<group>"; };
		DA4A888E27C0AF3200720909 /* Preview Assets.xcassets */ = {isa = PBXFileReference; lastKnownFileType = folder.assetcatalog; path = "Preview Assets.xcassets"; sourceTree = "<group>"; };
		DA4A889027C0AF3200720909 /* Persistence.swift */ = {isa = PBXFileReference; lastKnownFileType = sourcecode.swift; path = Persistence.swift; sourceTree = "<group>"; };
		DA4A889327C0AF3200720909 /* Native_Discord.xcdatamodel */ = {isa = PBXFileReference; lastKnownFileType = wrapper.xcdatamodel; path = Native_Discord.xcdatamodel; sourceTree = "<group>"; };
		DA4A889527C0AF3200720909 /* Native_Discord.entitlements */ = {isa = PBXFileReference; lastKnownFileType = text.plist.entitlements; path = Native_Discord.entitlements; sourceTree = "<group>"; };
		DA4A889B27C0B23C00720909 /* WebView.swift */ = {isa = PBXFileReference; lastKnownFileType = sourcecode.swift; path = WebView.swift; sourceTree = "<group>"; };
		DA4A88A127C1244200720909 /* Embed.swift */ = {isa = PBXFileReference; lastKnownFileType = sourcecode.swift; path = Embed.swift; sourceTree = "<group>"; };
		DA4A88A327C12CD100720909 /* Message.swift */ = {isa = PBXFileReference; lastKnownFileType = sourcecode.swift; path = Message.swift; sourceTree = "<group>"; };
		DA4A88A527C12DD700720909 /* Mention.swift */ = {isa = PBXFileReference; lastKnownFileType = sourcecode.swift; path = Mention.swift; sourceTree = "<group>"; };
		DA4A88A727C12E9C00720909 /* Snowflake.swift */ = {isa = PBXFileReference; lastKnownFileType = sourcecode.swift; path = Snowflake.swift; sourceTree = "<group>"; };
		DA4A88A927C1324400720909 /* User.swift */ = {isa = PBXFileReference; lastKnownFileType = sourcecode.swift; path = User.swift; sourceTree = "<group>"; };
		DA4A88AB27C1332600720909 /* Locale.swift */ = {isa = PBXFileReference; lastKnownFileType = sourcecode.swift; path = Locale.swift; sourceTree = "<group>"; };
		DA4A88AD27C135F300720909 /* Member.swift */ = {isa = PBXFileReference; lastKnownFileType = sourcecode.swift; path = Member.swift; sourceTree = "<group>"; };
		DA4A88AF27C136B400720909 /* ISOTimestamp.swift */ = {isa = PBXFileReference; lastKnownFileType = sourcecode.swift; path = ISOTimestamp.swift; sourceTree = "<group>"; };
		DA4A88B127C1385100720909 /* Attachment.swift */ = {isa = PBXFileReference; lastKnownFileType = sourcecode.swift; path = Attachment.swift; sourceTree = "<group>"; };
		DA4A88B327C1390700720909 /* Role.swift */ = {isa = PBXFileReference; lastKnownFileType = sourcecode.swift; path = Role.swift; sourceTree = "<group>"; };
		DA4A88B527C13A9800720909 /* Channel.swift */ = {isa = PBXFileReference; lastKnownFileType = sourcecode.swift; path = Channel.swift; sourceTree = "<group>"; };
		DA4A88B727C13BAF00720909 /* Reaction.swift */ = {isa = PBXFileReference; lastKnownFileType = sourcecode.swift; path = Reaction.swift; sourceTree = "<group>"; };
		DA4A88B927C13BDF00720909 /* Emoji.swift */ = {isa = PBXFileReference; lastKnownFileType = sourcecode.swift; path = Emoji.swift; sourceTree = "<group>"; };
		DA4A88BB27C13FA200720909 /* Presence.swift */ = {isa = PBXFileReference; lastKnownFileType = sourcecode.swift; path = Presence.swift; sourceTree = "<group>"; };
		DA4A88BD27C140BC00720909 /* Application.swift */ = {isa = PBXFileReference; lastKnownFileType = sourcecode.swift; path = Application.swift; sourceTree = "<group>"; };
		DA4A88BF27C1417900720909 /* Team.swift */ = {isa = PBXFileReference; lastKnownFileType = sourcecode.swift; path = Team.swift; sourceTree = "<group>"; };
		DA4A88C127C1432300720909 /* Interaction.swift */ = {isa = PBXFileReference; lastKnownFileType = sourcecode.swift; path = Interaction.swift; sourceTree = "<group>"; };
		DA4A88C327C1442300720909 /* Sticker.swift */ = {isa = PBXFileReference; lastKnownFileType = sourcecode.swift; path = Sticker.swift; sourceTree = "<group>"; };
/* End PBXFileReference section */

/* Begin PBXFrameworksBuildPhase section */
		DA4A888127C0AF3000720909 /* Frameworks */ = {
			isa = PBXFrameworksBuildPhase;
			buildActionMask = 2147483647;
			files = (
			);
			runOnlyForDeploymentPostprocessing = 0;
		};
/* End PBXFrameworksBuildPhase section */

/* Begin PBXGroup section */
		DA4A887B27C0AF3000720909 = {
			isa = PBXGroup;
			children = (
				DA4A888627C0AF3000720909 /* Native Discord */,
				DA4A888527C0AF3000720909 /* Products */,
			);
			sourceTree = "<group>";
		};
		DA4A888527C0AF3000720909 /* Products */ = {
			isa = PBXGroup;
			children = (
				DA4A888427C0AF3000720909 /* Native Discord.app */,
			);
			name = Products;
			sourceTree = "<group>";
		};
		DA4A888627C0AF3000720909 /* Native Discord */ = {
			isa = PBXGroup;
			children = (
				DA4A889D27C1133300720909 /* API */,
				DA4A888727C0AF3000720909 /* Native_DiscordApp.swift */,
				DA4A888927C0AF3000720909 /* ContentView.swift */,
				DA4A888B27C0AF3200720909 /* Assets.xcassets */,
				DA4A889027C0AF3200720909 /* Persistence.swift */,
				DA4A889527C0AF3200720909 /* Native_Discord.entitlements */,
				DA4A889227C0AF3200720909 /* Native_Discord.xcdatamodeld */,
				DA4A888D27C0AF3200720909 /* Preview Content */,
				DA4A889B27C0B23C00720909 /* WebView.swift */,
			);
			path = "Native Discord";
			sourceTree = "<group>";
		};
		DA4A888D27C0AF3200720909 /* Preview Content */ = {
			isa = PBXGroup;
			children = (
				DA4A888E27C0AF3200720909 /* Preview Assets.xcassets */,
			);
			path = "Preview Content";
			sourceTree = "<group>";
		};
		DA4A889D27C1133300720909 /* API */ = {
			isa = PBXGroup;
			children = (
				DA4A88A027C1243000720909 /* Objects */,
			);
			path = API;
			sourceTree = "<group>";
		};
		DA4A88A027C1243000720909 /* Objects */ = {
			isa = PBXGroup;
			children = (
				DA4A88A127C1244200720909 /* Embed.swift */,
				DA4A88A327C12CD100720909 /* Message.swift */,
				DA4A88A527C12DD700720909 /* Mention.swift */,
				DA4A88A727C12E9C00720909 /* Snowflake.swift */,
				DA4A88A927C1324400720909 /* User.swift */,
				DA4A88AB27C1332600720909 /* Locale.swift */,
				DA4A88AD27C135F300720909 /* Member.swift */,
				DA4A88AF27C136B400720909 /* ISOTimestamp.swift */,
				DA4A88B127C1385100720909 /* Attachment.swift */,
				DA4A88B327C1390700720909 /* Role.swift */,
				DA4A88B527C13A9800720909 /* Channel.swift */,
				DA4A88B727C13BAF00720909 /* Reaction.swift */,
				DA4A88B927C13BDF00720909 /* Emoji.swift */,
				DA4A88BB27C13FA200720909 /* Presence.swift */,
				DA4A88BD27C140BC00720909 /* Application.swift */,
				DA4A88BF27C1417900720909 /* Team.swift */,
				DA4A88C127C1432300720909 /* Interaction.swift */,
				DA4A88C327C1442300720909 /* Sticker.swift */,
			);
			path = Objects;
			sourceTree = "<group>";
		};
/* End PBXGroup section */

/* Begin PBXNativeTarget section */
		DA4A888327C0AF3000720909 /* Native Discord */ = {
			isa = PBXNativeTarget;
			buildConfigurationList = DA4A889827C0AF3200720909 /* Build configuration list for PBXNativeTarget "Native Discord" */;
			buildPhases = (
				DA4A888027C0AF3000720909 /* Sources */,
				DA4A888127C0AF3000720909 /* Frameworks */,
				DA4A888227C0AF3000720909 /* Resources */,
			);
			buildRules = (
			);
			dependencies = (
			);
			name = "Native Discord";
			productName = "Native Discord";
			productReference = DA4A888427C0AF3000720909 /* Native Discord.app */;
			productType = "com.apple.product-type.application";
		};
/* End PBXNativeTarget section */

/* Begin PBXProject section */
		DA4A887C27C0AF3000720909 /* Project object */ = {
			isa = PBXProject;
			attributes = {
				BuildIndependentTargetsInParallel = 1;
				LastSwiftUpdateCheck = 1320;
				LastUpgradeCheck = 1320;
				TargetAttributes = {
					DA4A888327C0AF3000720909 = {
						CreatedOnToolsVersion = 13.2.1;
					};
				};
			};
			buildConfigurationList = DA4A887F27C0AF3000720909 /* Build configuration list for PBXProject "Native Discord" */;
			compatibilityVersion = "Xcode 13.0";
			developmentRegion = en;
			hasScannedForEncodings = 0;
			knownRegions = (
				en,
				Base,
			);
			mainGroup = DA4A887B27C0AF3000720909;
			productRefGroup = DA4A888527C0AF3000720909 /* Products */;
			projectDirPath = "";
			projectRoot = "";
			targets = (
				DA4A888327C0AF3000720909 /* Native Discord */,
			);
		};
/* End PBXProject section */

/* Begin PBXResourcesBuildPhase section */
		DA4A888227C0AF3000720909 /* Resources */ = {
			isa = PBXResourcesBuildPhase;
			buildActionMask = 2147483647;
			files = (
				DA4A888F27C0AF3200720909 /* Preview Assets.xcassets in Resources */,
				DA4A888C27C0AF3200720909 /* Assets.xcassets in Resources */,
			);
			runOnlyForDeploymentPostprocessing = 0;
		};
/* End PBXResourcesBuildPhase section */

/* Begin PBXSourcesBuildPhase section */
		DA4A888027C0AF3000720909 /* Sources */ = {
			isa = PBXSourcesBuildPhase;
			buildActionMask = 2147483647;
			files = (
				DA4A88BE27C140BC00720909 /* Application.swift in Sources */,
				DA4A88AC27C1332600720909 /* Locale.swift in Sources */,
				DA4A88B627C13A9800720909 /* Channel.swift in Sources */,
				DA4A88B027C136B400720909 /* ISOTimestamp.swift in Sources */,
				DA4A88B827C13BAF00720909 /* Reaction.swift in Sources */,
				DA4A889127C0AF3200720909 /* Persistence.swift in Sources */,
				DA4A889C27C0B23C00720909 /* WebView.swift in Sources */,
				DA4A889427C0AF3200720909 /* Native_Discord.xcdatamodeld in Sources */,
				DA4A888A27C0AF3000720909 /* ContentView.swift in Sources */,
				DA4A88C027C1417900720909 /* Team.swift in Sources */,
				DA4A88C227C1432300720909 /* Interaction.swift in Sources */,
				DA4A88BC27C13FA200720909 /* Presence.swift in Sources */,
				DA4A88A427C12CD100720909 /* Message.swift in Sources */,
				DA4A88A627C12DD700720909 /* Mention.swift in Sources */,
				DA4A88B227C1385100720909 /* Attachment.swift in Sources */,
				DA4A88AE27C135F300720909 /* Member.swift in Sources */,
				DA4A88BA27C13BDF00720909 /* Emoji.swift in Sources */,
				DA4A88C427C1442300720909 /* Sticker.swift in Sources */,
				DA4A88A227C1244200720909 /* Embed.swift in Sources */,
				DA4A88A827C12E9C00720909 /* Snowflake.swift in Sources */,
				DA4A88AA27C1324400720909 /* User.swift in Sources */,
				DA4A888827C0AF3000720909 /* Native_DiscordApp.swift in Sources */,
				DA4A88B427C1390700720909 /* Role.swift in Sources */,
			);
			runOnlyForDeploymentPostprocessing = 0;
		};
/* End PBXSourcesBuildPhase section */

/* Begin XCBuildConfiguration section */
		DA4A889627C0AF3200720909 /* Debug */ = {
			isa = XCBuildConfiguration;
			buildSettings = {
				ALWAYS_SEARCH_USER_PATHS = NO;
				CLANG_ANALYZER_NONNULL = YES;
				CLANG_ANALYZER_NUMBER_OBJECT_CONVERSION = YES_AGGRESSIVE;
				CLANG_CXX_LANGUAGE_STANDARD = "gnu++17";
				CLANG_CXX_LIBRARY = "libc++";
				CLANG_ENABLE_MODULES = YES;
				CLANG_ENABLE_OBJC_ARC = YES;
				CLANG_ENABLE_OBJC_WEAK = YES;
				CLANG_WARN_BLOCK_CAPTURE_AUTORELEASING = YES;
				CLANG_WARN_BOOL_CONVERSION = YES;
				CLANG_WARN_COMMA = YES;
				CLANG_WARN_CONSTANT_CONVERSION = YES;
				CLANG_WARN_DEPRECATED_OBJC_IMPLEMENTATIONS = YES;
				CLANG_WARN_DIRECT_OBJC_ISA_USAGE = YES_ERROR;
				CLANG_WARN_DOCUMENTATION_COMMENTS = YES;
				CLANG_WARN_EMPTY_BODY = YES;
				CLANG_WARN_ENUM_CONVERSION = YES;
				CLANG_WARN_INFINITE_RECURSION = YES;
				CLANG_WARN_INT_CONVERSION = YES;
				CLANG_WARN_NON_LITERAL_NULL_CONVERSION = YES;
				CLANG_WARN_OBJC_IMPLICIT_RETAIN_SELF = YES;
				CLANG_WARN_OBJC_LITERAL_CONVERSION = YES;
				CLANG_WARN_OBJC_ROOT_CLASS = YES_ERROR;
				CLANG_WARN_QUOTED_INCLUDE_IN_FRAMEWORK_HEADER = YES;
				CLANG_WARN_RANGE_LOOP_ANALYSIS = YES;
				CLANG_WARN_STRICT_PROTOTYPES = YES;
				CLANG_WARN_SUSPICIOUS_MOVE = YES;
				CLANG_WARN_UNGUARDED_AVAILABILITY = YES_AGGRESSIVE;
				CLANG_WARN_UNREACHABLE_CODE = YES;
				CLANG_WARN__DUPLICATE_METHOD_MATCH = YES;
				COPY_PHASE_STRIP = NO;
				DEBUG_INFORMATION_FORMAT = dwarf;
				ENABLE_STRICT_OBJC_MSGSEND = YES;
				ENABLE_TESTABILITY = YES;
				GCC_C_LANGUAGE_STANDARD = gnu11;
				GCC_DYNAMIC_NO_PIC = NO;
				GCC_NO_COMMON_BLOCKS = YES;
				GCC_OPTIMIZATION_LEVEL = 0;
				GCC_PREPROCESSOR_DEFINITIONS = (
					"DEBUG=1",
					"$(inherited)",
				);
				GCC_WARN_64_TO_32_BIT_CONVERSION = YES;
				GCC_WARN_ABOUT_RETURN_TYPE = YES_ERROR;
				GCC_WARN_UNDECLARED_SELECTOR = YES;
				GCC_WARN_UNINITIALIZED_AUTOS = YES_AGGRESSIVE;
				GCC_WARN_UNUSED_FUNCTION = YES;
				GCC_WARN_UNUSED_VARIABLE = YES;
				MACOSX_DEPLOYMENT_TARGET = 12.1;
				MTL_ENABLE_DEBUG_INFO = INCLUDE_SOURCE;
				MTL_FAST_MATH = YES;
				ONLY_ACTIVE_ARCH = YES;
				SDKROOT = macosx;
				SWIFT_ACTIVE_COMPILATION_CONDITIONS = DEBUG;
				SWIFT_OPTIMIZATION_LEVEL = "-Onone";
			};
			name = Debug;
		};
		DA4A889727C0AF3200720909 /* Release */ = {
			isa = XCBuildConfiguration;
			buildSettings = {
				ALWAYS_SEARCH_USER_PATHS = NO;
				CLANG_ANALYZER_NONNULL = YES;
				CLANG_ANALYZER_NUMBER_OBJECT_CONVERSION = YES_AGGRESSIVE;
				CLANG_CXX_LANGUAGE_STANDARD = "gnu++17";
				CLANG_CXX_LIBRARY = "libc++";
				CLANG_ENABLE_MODULES = YES;
				CLANG_ENABLE_OBJC_ARC = YES;
				CLANG_ENABLE_OBJC_WEAK = YES;
				CLANG_WARN_BLOCK_CAPTURE_AUTORELEASING = YES;
				CLANG_WARN_BOOL_CONVERSION = YES;
				CLANG_WARN_COMMA = YES;
				CLANG_WARN_CONSTANT_CONVERSION = YES;
				CLANG_WARN_DEPRECATED_OBJC_IMPLEMENTATIONS = YES;
				CLANG_WARN_DIRECT_OBJC_ISA_USAGE = YES_ERROR;
				CLANG_WARN_DOCUMENTATION_COMMENTS = YES;
				CLANG_WARN_EMPTY_BODY = YES;
				CLANG_WARN_ENUM_CONVERSION = YES;
				CLANG_WARN_INFINITE_RECURSION = YES;
				CLANG_WARN_INT_CONVERSION = YES;
				CLANG_WARN_NON_LITERAL_NULL_CONVERSION = YES;
				CLANG_WARN_OBJC_IMPLICIT_RETAIN_SELF = YES;
				CLANG_WARN_OBJC_LITERAL_CONVERSION = YES;
				CLANG_WARN_OBJC_ROOT_CLASS = YES_ERROR;
				CLANG_WARN_QUOTED_INCLUDE_IN_FRAMEWORK_HEADER = YES;
				CLANG_WARN_RANGE_LOOP_ANALYSIS = YES;
				CLANG_WARN_STRICT_PROTOTYPES = YES;
				CLANG_WARN_SUSPICIOUS_MOVE = YES;
				CLANG_WARN_UNGUARDED_AVAILABILITY = YES_AGGRESSIVE;
				CLANG_WARN_UNREACHABLE_CODE = YES;
				CLANG_WARN__DUPLICATE_METHOD_MATCH = YES;
				COPY_PHASE_STRIP = NO;
				DEBUG_INFORMATION_FORMAT = "dwarf-with-dsym";
				ENABLE_NS_ASSERTIONS = NO;
				ENABLE_STRICT_OBJC_MSGSEND = YES;
				GCC_C_LANGUAGE_STANDARD = gnu11;
				GCC_NO_COMMON_BLOCKS = YES;
				GCC_WARN_64_TO_32_BIT_CONVERSION = YES;
				GCC_WARN_ABOUT_RETURN_TYPE = YES_ERROR;
				GCC_WARN_UNDECLARED_SELECTOR = YES;
				GCC_WARN_UNINITIALIZED_AUTOS = YES_AGGRESSIVE;
				GCC_WARN_UNUSED_FUNCTION = YES;
				GCC_WARN_UNUSED_VARIABLE = YES;
				MACOSX_DEPLOYMENT_TARGET = 12.1;
				MTL_ENABLE_DEBUG_INFO = NO;
				MTL_FAST_MATH = YES;
				SDKROOT = macosx;
				SWIFT_COMPILATION_MODE = wholemodule;
				SWIFT_OPTIMIZATION_LEVEL = "-O";
			};
			name = Release;
		};
		DA4A889927C0AF3200720909 /* Debug */ = {
			isa = XCBuildConfiguration;
			buildSettings = {
				ASSETCATALOG_COMPILER_APPICON_NAME = AppIcon;
				ASSETCATALOG_COMPILER_GLOBAL_ACCENT_COLOR_NAME = AccentColor;
				CODE_SIGN_ENTITLEMENTS = "Native Discord/Native_Discord.entitlements";
				CODE_SIGN_STYLE = Automatic;
				COMBINE_HIDPI_IMAGES = YES;
				CURRENT_PROJECT_VERSION = 1;
				DEVELOPMENT_ASSET_PATHS = "\"Native Discord/Preview Content\"";
				DEVELOPMENT_TEAM = Q382QLKDG3;
				ENABLE_HARDENED_RUNTIME = YES;
				ENABLE_PREVIEWS = YES;
				GENERATE_INFOPLIST_FILE = YES;
				INFOPLIST_KEY_NSHumanReadableCopyright = "";
				LD_RUNPATH_SEARCH_PATHS = (
					"$(inherited)",
					"@executable_path/../Frameworks",
				);
				MARKETING_VERSION = 1.0;
				PRODUCT_BUNDLE_IDENTIFIER = "com.cryptoalgo.Native-Discord";
				PRODUCT_NAME = "$(TARGET_NAME)";
				SWIFT_EMIT_LOC_STRINGS = YES;
				SWIFT_VERSION = 5.0;
			};
			name = Debug;
		};
		DA4A889A27C0AF3200720909 /* Release */ = {
			isa = XCBuildConfiguration;
			buildSettings = {
				ASSETCATALOG_COMPILER_APPICON_NAME = AppIcon;
				ASSETCATALOG_COMPILER_GLOBAL_ACCENT_COLOR_NAME = AccentColor;
				CODE_SIGN_ENTITLEMENTS = "Native Discord/Native_Discord.entitlements";
				CODE_SIGN_STYLE = Automatic;
				COMBINE_HIDPI_IMAGES = YES;
				CURRENT_PROJECT_VERSION = 1;
				DEVELOPMENT_ASSET_PATHS = "\"Native Discord/Preview Content\"";
				DEVELOPMENT_TEAM = Q382QLKDG3;
				ENABLE_HARDENED_RUNTIME = YES;
				ENABLE_PREVIEWS = YES;
				GENERATE_INFOPLIST_FILE = YES;
				INFOPLIST_KEY_NSHumanReadableCopyright = "";
				LD_RUNPATH_SEARCH_PATHS = (
					"$(inherited)",
					"@executable_path/../Frameworks",
				);
				MARKETING_VERSION = 1.0;
				PRODUCT_BUNDLE_IDENTIFIER = "com.cryptoalgo.Native-Discord";
				PRODUCT_NAME = "$(TARGET_NAME)";
				SWIFT_EMIT_LOC_STRINGS = YES;
				SWIFT_VERSION = 5.0;
			};
			name = Release;
		};
/* End XCBuildConfiguration section */

/* Begin XCConfigurationList section */
		DA4A887F27C0AF3000720909 /* Build configuration list for PBXProject "Native Discord" */ = {
			isa = XCConfigurationList;
			buildConfigurations = (
				DA4A889627C0AF3200720909 /* Debug */,
				DA4A889727C0AF3200720909 /* Release */,
			);
			defaultConfigurationIsVisible = 0;
			defaultConfigurationName = Release;
		};
		DA4A889827C0AF3200720909 /* Build configuration list for PBXNativeTarget "Native Discord" */ = {
			isa = XCConfigurationList;
			buildConfigurations = (
				DA4A889927C0AF3200720909 /* Debug */,
				DA4A889A27C0AF3200720909 /* Release */,
			);
			defaultConfigurationIsVisible = 0;
			defaultConfigurationName = Release;
		};
/* End XCConfigurationList section */

/* Begin XCVersionGroup section */
		DA4A889227C0AF3200720909 /* Native_Discord.xcdatamodeld */ = {
			isa = XCVersionGroup;
			children = (
				DA4A889327C0AF3200720909 /* Native_Discord.xcdatamodel */,
			);
			currentVersion = DA4A889327C0AF3200720909 /* Native_Discord.xcdatamodel */;
			path = Native_Discord.xcdatamodeld;
			sourceTree = "<group>";
			versionGroupType = wrapper.xcdatamodel;
		};
/* End XCVersionGroup section */
	};
	rootObject = DA4A887C27C0AF3000720909 /* Project object */;
}
