<?xml version="1.0" encoding="UTF-8"?>
<Scheme
   LastUpgradeVersion = "1500"
   version = "2.0">
   <BuildAction
      parallelizeBuildables = "YES"
      buildImplicitDependencies = "YES">
      <PreActions>
         <ExecutionAction
            ActionType = "Xcode.IDEStandardExecutionActionsCore.ExecutionActionType.ShellScriptAction">
            <ActionContent
               title = "Export Build Environment to Swift"
               scriptText = "pushd &quot;${SOURCE_ROOT}&quot;&#10;&#10;# Ensure that changes to the build settings file do not affect the output build information while we&apos;re building a release build.&#10;git update-index --assume-unchanged &quot;${BUILD_SETTINGS_SWIFT_SOURCE_PATH}&quot;&#10;&#10;# Generate the output file&#10;&quot;${SOURCE_ROOT}/Scripts/export-build-settings-to-swift.sh&quot;&#10;&#10;popd&#10;">
               <EnvironmentBuildable>
                  <BuildableReference
                     BuildableIdentifier = "primary"
                     BlueprintIdentifier = "DA4A888327C0AF3000720909"
                     BuildableName = "Swiftcord.app"
                     BlueprintName = "Swiftcord"
                     ReferencedContainer = "container:Swiftcord.xcodeproj">
                  </BuildableReference>
               </EnvironmentBuildable>
            </ActionContent>
         </ExecutionAction>
      </PreActions>
      <PostActions>
         <ExecutionAction
            ActionType = "Xcode.IDEStandardExecutionActionsCore.ExecutionActionType.ShellScriptAction">
            <ActionContent
               title = "Reset Exported Build Environment"
               scriptText = "pushd &quot;${SOURCE_ROOT}&quot;&#10;&#10;# Restore the original build settings output file&#10;git update-index --no-assume-unchanged &quot;${BUILD_SETTINGS_SWIFT_SOURCE_PATH}&quot;&#10;git checkout &quot;${BUILD_SETTINGS_SWIFT_SOURCE_PATH}&quot;&#10;&#10;popd&#10;">
               <EnvironmentBuildable>
                  <BuildableReference
                     BuildableIdentifier = "primary"
                     BlueprintIdentifier = "DA4A888327C0AF3000720909"
                     BuildableName = "Swiftcord.app"
                     BlueprintName = "Swiftcord"
                     ReferencedContainer = "container:Swiftcord.xcodeproj">
                  </BuildableReference>
               </EnvironmentBuildable>
            </ActionContent>
         </ExecutionAction>
      </PostActions>
      <BuildActionEntries>
         <BuildActionEntry
            buildForTesting = "YES"
            buildForRunning = "YES"
            buildForProfiling = "YES"
            buildForArchiving = "YES"
            buildForAnalyzing = "YES">
            <BuildableReference
               BuildableIdentifier = "primary"
               BlueprintIdentifier = "DA4A888327C0AF3000720909"
               BuildableName = "Swiftcord.app"
               BlueprintName = "Swiftcord"
               ReferencedContainer = "container:Swiftcord.xcodeproj">
            </BuildableReference>
         </BuildActionEntry>
      </BuildActionEntries>
   </BuildAction>
   <TestAction
      buildConfiguration = "Debug"
      selectedDebuggerIdentifier = "Xcode.DebuggerFoundation.Debugger.LLDB"
      selectedLauncherIdentifier = "Xcode.DebuggerFoundation.Launcher.LLDB"
      shouldUseLaunchSchemeArgsEnv = "YES">
      <Testables>
      </Testables>
   </TestAction>
   <LaunchAction
      buildConfiguration = "Debug"
      selectedDebuggerIdentifier = "Xcode.DebuggerFoundation.Debugger.LLDB"
      selectedLauncherIdentifier = "Xcode.DebuggerFoundation.Launcher.LLDB"
      disableMainThreadChecker = "YES"
      launchStyle = "0"
      useCustomWorkingDirectory = "NO"
      ignoresPersistentStateOnLaunch = "NO"
      debugDocumentVersioning = "YES"
      debugXPCServices = "NO"
      debugServiceExtension = "internal"
      allowLocationSimulation = "YES">
      <BuildableProductRunnable
         runnableDebuggingMode = "0">
         <BuildableReference
            BuildableIdentifier = "primary"
            BlueprintIdentifier = "DA4A888327C0AF3000720909"
            BuildableName = "Swiftcord.app"
            BlueprintName = "Swiftcord"
            ReferencedContainer = "container:Swiftcord.xcodeproj">
         </BuildableReference>
      </BuildableProductRunnable>
   </LaunchAction>
   <ProfileAction
      buildConfiguration = "Release"
      shouldUseLaunchSchemeArgsEnv = "YES"
      savedToolIdentifier = ""
      useCustomWorkingDirectory = "NO"
      debugDocumentVersioning = "YES">
      <BuildableProductRunnable
         runnableDebuggingMode = "0">
         <BuildableReference
            BuildableIdentifier = "primary"
            BlueprintIdentifier = "DA4A888327C0AF3000720909"
            BuildableName = "Swiftcord.app"
            BlueprintName = "Swiftcord"
            ReferencedContainer = "container:Swiftcord.xcodeproj">
         </BuildableReference>
      </BuildableProductRunnable>
   </ProfileAction>
   <AnalyzeAction
      buildConfiguration = "Debug">
   </AnalyzeAction>
   <ArchiveAction
      buildConfiguration = "Release"
      revealArchiveInOrganizer = "YES">
   </ArchiveAction>
</Scheme>
