{
  "object": {
    "pins": [
      {
        "package": "Lottie",
        "repositoryURL": "https://github.com/airbnb/lottie-ios.git",
        "state": {
          "branch": null,
          "revision": "4a6058cbbdfe4f74aeae92c8bd51ad3b0de2a1ee",
          "version": "3.3.0"
        }
      },
      {
        "package": "Reachability",
        "repositoryURL": "https://github.com/ashleymills/Reachability.swift",
        "state": {
          "branch": "master",
          "revision": "a81b7367f2c46875f29577e03a60c39cdfad0c8d",
          "version": null
        }
      },
      {
        "package": "Starscream",
        "repositoryURL": "https://github.com/daltoniam/Starscream.git",
        "state": {
          "branch": null,
          "revision": "df8d82047f6654d8e4b655d1b1525c64e1059d21",
          "version": "4.0.4"
        }
      },
      {
        "package": "swiftui-cached-async-image",
        "repositoryURL": "https://github.com/lorenzofiamingo/swiftui-cached-async-image",
        "state": {
          "branch": null,
          "revision": "6c3847d5a94538213c0ce2c6a42e36a3c5d99042",
          "version": "2.0.0"
        }
      }
    ]
  },
  "version": 1
}
