{
  "pins" : [
    {
      "identity" : "appcenter-sdk-apple",
      "kind" : "remoteSourceControl",
      "location" : "https://github.com/microsoft/appcenter-sdk-apple",
      "state" : {
        "revision" : "8354a50fe01a7e54e196d3b5493b5ab53dd5866a",
        "version" : "4.4.2"
      }
    },
    {
      "identity" : "discordkit",
      "kind" : "remoteSourceControl",
      "location" : "https://github.com/SwiftcordApp/DiscordKit",
      "state" : {
        "branch" : "main",
        "revision" : "f38c9228615275bb20051a0a7bff356e97f45620"
      }
    },
    {
      "identity" : "lottie-ios",
      "kind" : "remoteSourceControl",
      "location" : "https://github.com/airbnb/lottie-ios.git",
      "state" : {
        "revision" : "4a6058cbbdfe4f74aeae92c8bd51ad3b0de2a1ee",
        "version" : "3.3.0"
      }
    },
    {
      "identity" : "plcrashreporter",
      "kind" : "remoteSourceControl",
      "location" : "https://github.com/microsoft/PLCrashReporter.git",
      "state" : {
        "revision" : "6b27393cad517c067dceea85fadf050e70c4ceaa",
        "version" : "1.10.1"
      }
    },
    {
      "identity" : "reachability.swift",
      "kind" : "remoteSourceControl",
      "location" : "https://github.com/ashleymills/Reachability.swift",
      "state" : {
        "revision" : "c01bbdf2d633cf049ae1ed1a68a2020a8bda32e2",
        "version" : "5.1.0"
      }
    },
    {
      "identity" : "sparkle",
      "kind" : "remoteSourceControl",
      "location" : "https://github.com/sparkle-project/Sparkle",
      "state" : {
        "revision" : "286edd1fa22505a9e54d170e9fd07d775ea233f2",
        "version" : "2.1.0"
      }
    },
    {
      "identity" : "swiftui-cached-async-image",
      "kind" : "remoteSourceControl",
      "location" : "https://github.com/lorenzofiamingo/swiftui-cached-async-image",
      "state" : {
        "revision" : "eeb1565d780d1b75d045e21b5ca2a1e3650b0fc2",
        "version" : "2.1.0"
      }
    },
    {
      "identity" : "swiftygif",
      "kind" : "remoteSourceControl",
      "location" : "https://github.com/cryptoAlgorithm/SwiftyGif",
      "state" : {
        "branch" : "master",
        "revision" : "4c271659307fc780728b3448419bc67678756cb0"
      }
    }
  ],
  "version" : 2
}
