{
  "pins" : [
    {
      "identity" : "discordkit",
      "kind" : "remoteSourceControl",
      "location" : "https://github.com/SwiftcordApp/DiscordKit",
      "state" : {
        "revision" : "49e633328dbca713ecdd5e783d5d919a5ada110d"
      }
    },
    {
      "identity" : "lottie-ios",
      "kind" : "remoteSourceControl",
      "location" : "https://github.com/airbnb/lottie-ios.git",
      "state" : {
        "revision" : "4a6058cbbdfe4f74aeae92c8bd51ad3b0de2a1ee",
        "version" : "3.3.0"
      }
    },
    {
      "identity" : "reachability.swift",
      "kind" : "remoteSourceControl",
      "location" : "https://github.com/ashleymills/Reachability.swift",
      "state" : {
        "revision" : "c01bbdf2d633cf049ae1ed1a68a2020a8bda32e2",
        "version" : "5.1.0"
      }
    },
    {
      "identity" : "sparkle",
      "kind" : "remoteSourceControl",
      "location" : "https://github.com/sparkle-project/Sparkle",
      "state" : {
        "revision" : "286edd1fa22505a9e54d170e9fd07d775ea233f2",
        "version" : "2.1.0"
      }
    },
    {
      "identity" : "swiftui-cached-async-image",
      "kind" : "remoteSourceControl",
      "location" : "https://github.com/lorenzofiamingo/swiftui-cached-async-image",
      "state" : {
        "revision" : "eeb1565d780d1b75d045e21b5ca2a1e3650b0fc2",
        "version" : "2.1.0"
      }
    }
  ],
  "version" : 2
}
