{
  "object": {
    "pins": [
      {
        "package": "AppCenter",
        "repositoryURL": "https://github.com/microsoft/appcenter-sdk-apple",
        "state": {
          "branch": null,
          "revision": "8354a50fe01a7e54e196d3b5493b5ab53dd5866a",
          "version": "4.4.2"
        }
      },
      {
        "package": "DiscordKit",
        "repositoryURL": "https://github.com/SwiftcordApp/DiscordKit",
        "state": {
          "branch": "main",
          "revision": "f38c9228615275bb20051a0a7bff356e97f45620",
          "version": null
        }
      },
      {
        "package": "Lottie",
        "repositoryURL": "https://github.com/airbnb/lottie-ios.git",
        "state": {
          "branch": null,
          "revision": "4a6058cbbdfe4f74aeae92c8bd51ad3b0de2a1ee",
          "version": "3.3.0"
        }
      },
      {
        "package": "PLCrashReporter",
        "repositoryURL": "https://github.com/microsoft/PLCrashReporter.git",
        "state": {
          "branch": null,
          "revision": "6b27393cad517c067dceea85fadf050e70c4ceaa",
          "version": "1.10.1"
        }
      },
      {
        "package": "Reachability",
        "repositoryURL": "https://github.com/ashleymills/Reachability.swift",
        "state": {
          "branch": null,
          "revision": "c01bbdf2d633cf049ae1ed1a68a2020a8bda32e2",
          "version": "5.1.0"
        }
      },
      {
        "package": "Sparkle",
        "repositoryURL": "https://github.com/sparkle-project/Sparkle",
        "state": {
          "branch": null,
          "revision": "286edd1fa22505a9e54d170e9fd07d775ea233f2",
          "version": "2.1.0"
        }
      },
      {
        "package": "swiftui-cached-async-image",
        "repositoryURL": "https://github.com/lorenzofiamingo/swiftui-cached-async-image",
        "state": {
          "branch": null,
          "revision": "eeb1565d780d1b75d045e21b5ca2a1e3650b0fc2",
          "version": "2.1.0"
        }
      }
    ]
  },
  "version": 1
}
